// !$*UTF8*$!
{
	archiveVersion = 1;
	classes = {
	};
	objectVersion = 46;
	objects = {

/* Begin PBXBuildFile section */
		1CED5EF519AC82FD0023512F /* Foundation.framework in Frameworks */ = {isa = PBXBuildFile; fileRef = 1CED5EF419AC82FD0023512F /* Foundation.framework */; };
		1CED5EF719AC82FD0023512F /* CoreGraphics.framework in Frameworks */ = {isa = PBXBuildFile; fileRef = 1CED5EF619AC82FD0023512F /* CoreGraphics.framework */; };
		1CED5EF919AC82FD0023512F /* UIKit.framework in Frameworks */ = {isa = PBXBuildFile; fileRef = 1CED5EF819AC82FD0023512F /* UIKit.framework */; };
		1CED5EFF19AC82FD0023512F /* InfoPlist.strings in Resources */ = {isa = PBXBuildFile; fileRef = 1CED5EFD19AC82FD0023512F /* InfoPlist.strings */; };
		1CED5F0119AC82FD0023512F /* main.m in Sources */ = {isa = PBXBuildFile; fileRef = 1CED5F0019AC82FD0023512F /* main.m */; };
		1CED5F0519AC82FD0023512F /* SFIAppDelegate.m in Sources */ = {isa = PBXBuildFile; fileRef = 1CED5F0419AC82FD0023512F /* SFIAppDelegate.m */; };
		1CED5F0719AC82FD0023512F /* Images.xcassets in Resources */ = {isa = PBXBuildFile; fileRef = 1CED5F0619AC82FD0023512F /* Images.xcassets */; };
		1CED5F0E19AC82FD0023512F /* XCTest.framework in Frameworks */ = {isa = PBXBuildFile; fileRef = 1CED5F0D19AC82FD0023512F /* XCTest.framework */; };
		1CED5F0F19AC82FE0023512F /* Foundation.framework in Frameworks */ = {isa = PBXBuildFile; fileRef = 1CED5EF419AC82FD0023512F /* Foundation.framework */; };
		1CED5F1019AC82FE0023512F /* UIKit.framework in Frameworks */ = {isa = PBXBuildFile; fileRef = 1CED5EF819AC82FD0023512F /* UIKit.framework */; };
		1CED5F1819AC82FE0023512F /* InfoPlist.strings in Resources */ = {isa = PBXBuildFile; fileRef = 1CED5F1619AC82FE0023512F /* InfoPlist.strings */; };
		1CED5F1A19AC82FE0023512F /* AlmondTests.m in Sources */ = {isa = PBXBuildFile; fileRef = 1CED5F1919AC82FE0023512F /* AlmondTests.m */; };
/* End PBXBuildFile section */

/* Begin PBXContainerItemProxy section */
		1CED5F1119AC82FE0023512F /* PBXContainerItemProxy */ = {
			isa = PBXContainerItemProxy;
			containerPortal = 1CED5EE919AC82FD0023512F /* Project object */;
			proxyType = 1;
			remoteGlobalIDString = 1CED5EF019AC82FD0023512F;
			remoteInfo = Almond;
		};
/* End PBXContainerItemProxy section */

/* Begin PBXFileReference section */
		1CED5EF119AC82FD0023512F /* Almond.app */ = {isa = PBXFileReference; explicitFileType = wrapper.application; includeInIndex = 0; path = Almond.app; sourceTree = BUILT_PRODUCTS_DIR; };
		1CED5EF419AC82FD0023512F /* Foundation.framework */ = {isa = PBXFileReference; lastKnownFileType = wrapper.framework; name = Foundation.framework; path = System/Library/Frameworks/Foundation.framework; sourceTree = SDKROOT; };
		1CED5EF619AC82FD0023512F /* CoreGraphics.framework */ = {isa = PBXFileReference; lastKnownFileType = wrapper.framework; name = CoreGraphics.framework; path = System/Library/Frameworks/CoreGraphics.framework; sourceTree = SDKROOT; };
		1CED5EF819AC82FD0023512F /* UIKit.framework */ = {isa = PBXFileReference; lastKnownFileType = wrapper.framework; name = UIKit.framework; path = System/Library/Frameworks/UIKit.framework; sourceTree = SDKROOT; };
		1CED5EFC19AC82FD0023512F /* Almond-Info.plist */ = {isa = PBXFileReference; lastKnownFileType = text.plist.xml; path = "Almond-Info.plist"; sourceTree = "<group>"; };
		1CED5EFE19AC82FD0023512F /* en */ = {isa = PBXFileReference; lastKnownFileType = text.plist.strings; name = en; path = en.lproj/InfoPlist.strings; sourceTree = "<group>"; };
		1CED5F0019AC82FD0023512F /* main.m */ = {isa = PBXFileReference; lastKnownFileType = sourcecode.c.objc; path = main.m; sourceTree = "<group>"; };
		1CED5F0219AC82FD0023512F /* Almond-Prefix.pch */ = {isa = PBXFileReference; lastKnownFileType = sourcecode.c.h; path = "Almond-Prefix.pch"; sourceTree = "<group>"; };
		1CED5F0319AC82FD0023512F /* SFIAppDelegate.h */ = {isa = PBXFileReference; lastKnownFileType = sourcecode.c.h; path = SFIAppDelegate.h; sourceTree = "<group>"; };
		1CED5F0419AC82FD0023512F /* SFIAppDelegate.m */ = {isa = PBXFileReference; lastKnownFileType = sourcecode.c.objc; path = SFIAppDelegate.m; sourceTree = "<group>"; };
		1CED5F0619AC82FD0023512F /* Images.xcassets */ = {isa = PBXFileReference; lastKnownFileType = folder.assetcatalog; path = Images.xcassets; sourceTree = "<group>"; };
		1CED5F0C19AC82FD0023512F /* AlmondTests.xctest */ = {isa = PBXFileReference; explicitFileType = wrapper.cfbundle; includeInIndex = 0; path = AlmondTests.xctest; sourceTree = BUILT_PRODUCTS_DIR; };
		1CED5F0D19AC82FD0023512F /* XCTest.framework */ = {isa = PBXFileReference; lastKnownFileType = wrapper.framework; name = XCTest.framework; path = Library/Frameworks/XCTest.framework; sourceTree = DEVELOPER_DIR; };
		1CED5F1519AC82FE0023512F /* AlmondTests-Info.plist */ = {isa = PBXFileReference; lastKnownFileType = text.plist.xml; path = "AlmondTests-Info.plist"; sourceTree = "<group>"; };
		1CED5F1719AC82FE0023512F /* en */ = {isa = PBXFileReference; lastKnownFileType = text.plist.strings; name = en; path = en.lproj/InfoPlist.strings; sourceTree = "<group>"; };
		1CED5F1919AC82FE0023512F /* AlmondTests.m */ = {isa = PBXFileReference; lastKnownFileType = sourcecode.c.objc; path = AlmondTests.m; sourceTree = "<group>"; };
/* End PBXFileReference section */

/* Begin PBXFrameworksBuildPhase section */
		1CED5EEE19AC82FD0023512F /* Frameworks */ = {
			isa = PBXFrameworksBuildPhase;
			buildActionMask = 2147483647;
			files = (
				1CED5EF719AC82FD0023512F /* CoreGraphics.framework in Frameworks */,
				1CED5EF919AC82FD0023512F /* UIKit.framework in Frameworks */,
				1CED5EF519AC82FD0023512F /* Foundation.framework in Frameworks */,
			);
			runOnlyForDeploymentPostprocessing = 0;
		};
		1CED5F0919AC82FD0023512F /* Frameworks */ = {
			isa = PBXFrameworksBuildPhase;
			buildActionMask = 2147483647;
			files = (
				1CED5F0E19AC82FD0023512F /* XCTest.framework in Frameworks */,
				1CED5F1019AC82FE0023512F /* UIKit.framework in Frameworks */,
				1CED5F0F19AC82FE0023512F /* Foundation.framework in Frameworks */,
			);
			runOnlyForDeploymentPostprocessing = 0;
		};
/* End PBXFrameworksBuildPhase section */

/* Begin PBXGroup section */
		1CED5EE819AC82FD0023512F = {
			isa = PBXGroup;
			children = (
				1CED5EFA19AC82FD0023512F /* Almond */,
				1CED5F1319AC82FE0023512F /* AlmondTests */,
				1CED5EF319AC82FD0023512F /* Frameworks */,
				1CED5EF219AC82FD0023512F /* Products */,
			);
			sourceTree = "<group>";
		};
		1CED5EF219AC82FD0023512F /* Products */ = {
			isa = PBXGroup;
			children = (
				1CED5EF119AC82FD0023512F /* Almond.app */,
				1CED5F0C19AC82FD0023512F /* AlmondTests.xctest */,
			);
			name = Products;
			sourceTree = "<group>";
		};
		1CED5EF319AC82FD0023512F /* Frameworks */ = {
			isa = PBXGroup;
			children = (
				1CED5EF419AC82FD0023512F /* Foundation.framework */,
				1CED5EF619AC82FD0023512F /* CoreGraphics.framework */,
				1CED5EF819AC82FD0023512F /* UIKit.framework */,
				1CED5F0D19AC82FD0023512F /* XCTest.framework */,
			);
			name = Frameworks;
			sourceTree = "<group>";
		};
		1CED5EFA19AC82FD0023512F /* Almond */ = {
			isa = PBXGroup;
			children = (
				1CED5F0319AC82FD0023512F /* SFIAppDelegate.h */,
				1CED5F0419AC82FD0023512F /* SFIAppDelegate.m */,
				1CED5F0619AC82FD0023512F /* Images.xcassets */,
				1CED5EFB19AC82FD0023512F /* Supporting Files */,
			);
			path = Almond;
			sourceTree = "<group>";
		};
		1CED5EFB19AC82FD0023512F /* Supporting Files */ = {
			isa = PBXGroup;
			children = (
				1CED5EFC19AC82FD0023512F /* Almond-Info.plist */,
				1CED5EFD19AC82FD0023512F /* InfoPlist.strings */,
				1CED5F0019AC82FD0023512F /* main.m */,
				1CED5F0219AC82FD0023512F /* Almond-Prefix.pch */,
			);
			name = "Supporting Files";
			sourceTree = "<group>";
		};
		1CED5F1319AC82FE0023512F /* AlmondTests */ = {
			isa = PBXGroup;
			children = (
				1CED5F1919AC82FE0023512F /* AlmondTests.m */,
				1CED5F1419AC82FE0023512F /* Supporting Files */,
			);
			path = AlmondTests;
			sourceTree = "<group>";
		};
		1CED5F1419AC82FE0023512F /* Supporting Files */ = {
			isa = PBXGroup;
			children = (
				1CED5F1519AC82FE0023512F /* AlmondTests-Info.plist */,
				1CED5F1619AC82FE0023512F /* InfoPlist.strings */,
			);
			name = "Supporting Files";
			sourceTree = "<group>";
		};
/* End PBXGroup section */

/* Begin PBXNativeTarget section */
		1CED5EF019AC82FD0023512F /* Almond */ = {
			isa = PBXNativeTarget;
			buildConfigurationList = 1CED5F1D19AC82FE0023512F /* Build configuration list for PBXNativeTarget "Almond" */;
			buildPhases = (
				1CED5EED19AC82FD0023512F /* Sources */,
				1CED5EEE19AC82FD0023512F /* Frameworks */,
				1CED5EEF19AC82FD0023512F /* Resources */,
			);
			buildRules = (
			);
			dependencies = (
			);
			name = Almond;
			productName = Almond;
			productReference = 1CED5EF119AC82FD0023512F /* Almond.app */;
			productType = "com.apple.product-type.application";
		};
		1CED5F0B19AC82FD0023512F /* AlmondTests */ = {
			isa = PBXNativeTarget;
			buildConfigurationList = 1CED5F2019AC82FE0023512F /* Build configuration list for PBXNativeTarget "AlmondTests" */;
			buildPhases = (
				1CED5F0819AC82FD0023512F /* Sources */,
				1CED5F0919AC82FD0023512F /* Frameworks */,
				1CED5F0A19AC82FD0023512F /* Resources */,
			);
			buildRules = (
			);
			dependencies = (
				1CED5F1219AC82FE0023512F /* PBXTargetDependency */,
			);
			name = AlmondTests;
			productName = AlmondTests;
			productReference = 1CED5F0C19AC82FD0023512F /* AlmondTests.xctest */;
			productType = "com.apple.product-type.bundle.unit-test";
		};
/* End PBXNativeTarget section */

/* Begin PBXProject section */
		1CED5EE919AC82FD0023512F /* Project object */ = {
			isa = PBXProject;
			attributes = {
				CLASSPREFIX = SFI;
				LastUpgradeCheck = 0510;
				ORGANIZATIONNAME = "Securifi Ltd";
				TargetAttributes = {
					1CED5F0B19AC82FD0023512F = {
						TestTargetID = 1CED5EF019AC82FD0023512F;
					};
				};
			};
			buildConfigurationList = 1CED5EEC19AC82FD0023512F /* Build configuration list for PBXProject "Almond" */;
			compatibilityVersion = "Xcode 3.2";
			developmentRegion = English;
			hasScannedForEncodings = 0;
			knownRegions = (
				en,
			);
			mainGroup = 1CED5EE819AC82FD0023512F;
			productRefGroup = 1CED5EF219AC82FD0023512F /* Products */;
			projectDirPath = "";
			projectRoot = "";
			targets = (
				1CED5EF019AC82FD0023512F /* Almond */,
				1CED5F0B19AC82FD0023512F /* AlmondTests */,
			);
		};
/* End PBXProject section */

/* Begin PBXResourcesBuildPhase section */
		1CED5EEF19AC82FD0023512F /* Resources */ = {
			isa = PBXResourcesBuildPhase;
			buildActionMask = 2147483647;
			files = (
				1CED5EFF19AC82FD0023512F /* InfoPlist.strings in Resources */,
				1CED5F0719AC82FD0023512F /* Images.xcassets in Resources */,
			);
			runOnlyForDeploymentPostprocessing = 0;
		};
		1CED5F0A19AC82FD0023512F /* Resources */ = {
			isa = PBXResourcesBuildPhase;
			buildActionMask = 2147483647;
			files = (
				1CED5F1819AC82FE0023512F /* InfoPlist.strings in Resources */,
			);
			runOnlyForDeploymentPostprocessing = 0;
		};
/* End PBXResourcesBuildPhase section */

/* Begin PBXSourcesBuildPhase section */
		1CED5EED19AC82FD0023512F /* Sources */ = {
			isa = PBXSourcesBuildPhase;
			buildActionMask = 2147483647;
			files = (
				1CED5F0119AC82FD0023512F /* main.m in Sources */,
				1CED5F0519AC82FD0023512F /* SFIAppDelegate.m in Sources */,
			);
			runOnlyForDeploymentPostprocessing = 0;
		};
		1CED5F0819AC82FD0023512F /* Sources */ = {
			isa = PBXSourcesBuildPhase;
			buildActionMask = 2147483647;
			files = (
				1CED5F1A19AC82FE0023512F /* AlmondTests.m in Sources */,
			);
			runOnlyForDeploymentPostprocessing = 0;
		};
/* End PBXSourcesBuildPhase section */

/* Begin PBXTargetDependency section */
		1CED5F1219AC82FE0023512F /* PBXTargetDependency */ = {
			isa = PBXTargetDependency;
			target = 1CED5EF019AC82FD0023512F /* Almond */;
			targetProxy = 1CED5F1119AC82FE0023512F /* PBXContainerItemProxy */;
		};
/* End PBXTargetDependency section */

/* Begin PBXVariantGroup section */
		1CED5EFD19AC82FD0023512F /* InfoPlist.strings */ = {
			isa = PBXVariantGroup;
			children = (
				1CED5EFE19AC82FD0023512F /* en */,
			);
			name = InfoPlist.strings;
			sourceTree = "<group>";
		};
		1CED5F1619AC82FE0023512F /* InfoPlist.strings */ = {
			isa = PBXVariantGroup;
			children = (
				1CED5F1719AC82FE0023512F /* en */,
			);
			name = InfoPlist.strings;
			sourceTree = "<group>";
		};
/* End PBXVariantGroup section */

/* Begin XCBuildConfiguration section */
		1CED5F1B19AC82FE0023512F /* Debug */ = {
			isa = XCBuildConfiguration;
			buildSettings = {
				ALWAYS_SEARCH_USER_PATHS = NO;
				CLANG_CXX_LANGUAGE_STANDARD = "gnu++0x";
				CLANG_CXX_LIBRARY = "libc++";
				CLANG_ENABLE_MODULES = YES;
				CLANG_ENABLE_OBJC_ARC = YES;
				CLANG_WARN_BOOL_CONVERSION = YES;
				CLANG_WARN_CONSTANT_CONVERSION = YES;
				CLANG_WARN_DIRECT_OBJC_ISA_USAGE = YES_ERROR;
				CLANG_WARN_EMPTY_BODY = YES;
				CLANG_WARN_ENUM_CONVERSION = YES;
				CLANG_WARN_INT_CONVERSION = YES;
				CLANG_WARN_OBJC_ROOT_CLASS = YES_ERROR;
				CLANG_WARN__DUPLICATE_METHOD_MATCH = YES;
				"CODE_SIGN_IDENTITY[sdk=iphoneos*]" = "iPhone Developer";
				COPY_PHASE_STRIP = NO;
				GCC_C_LANGUAGE_STANDARD = gnu99;
				GCC_DYNAMIC_NO_PIC = NO;
				GCC_OPTIMIZATION_LEVEL = 0;
				GCC_PREPROCESSOR_DEFINITIONS = (
					"DEBUG=1",
					"$(inherited)",
				);
				GCC_SYMBOLS_PRIVATE_EXTERN = NO;
				GCC_WARN_64_TO_32_BIT_CONVERSION = YES;
				GCC_WARN_ABOUT_RETURN_TYPE = YES_ERROR;
				GCC_WARN_UNDECLARED_SELECTOR = YES;
				GCC_WARN_UNINITIALIZED_AUTOS = YES_AGGRESSIVE;
				GCC_WARN_UNUSED_FUNCTION = YES;
				GCC_WARN_UNUSED_VARIABLE = YES;
				IPHONEOS_DEPLOYMENT_TARGET = 7.1;
				ONLY_ACTIVE_ARCH = YES;
				SDKROOT = iphoneos;
				TARGETED_DEVICE_FAMILY = "1,2";
			};
			name = Debug;
		};
		1CED5F1C19AC82FE0023512F /* Release */ = {
			isa = XCBuildConfiguration;
			buildSettings = {
				ALWAYS_SEARCH_USER_PATHS = NO;
				CLANG_CXX_LANGUAGE_STANDARD = "gnu++0x";
				CLANG_CXX_LIBRARY = "libc++";
				CLANG_ENABLE_MODULES = YES;
				CLANG_ENABLE_OBJC_ARC = YES;
				CLANG_WARN_BOOL_CONVERSION = YES;
				CLANG_WARN_CONSTANT_CONVERSION = YES;
				CLANG_WARN_DIRECT_OBJC_ISA_USAGE = YES_ERROR;
				CLANG_WARN_EMPTY_BODY = YES;
				CLANG_WARN_ENUM_CONVERSION = YES;
				CLANG_WARN_INT_CONVERSION = YES;
				CLANG_WARN_OBJC_ROOT_CLASS = YES_ERROR;
				CLANG_WARN__DUPLICATE_METHOD_MATCH = YES;
				"CODE_SIGN_IDENTITY[sdk=iphoneos*]" = "iPhone Developer";
				COPY_PHASE_STRIP = YES;
				ENABLE_NS_ASSERTIONS = NO;
				GCC_C_LANGUAGE_STANDARD = gnu99;
				GCC_WARN_64_TO_32_BIT_CONVERSION = YES;
				GCC_WARN_ABOUT_RETURN_TYPE = YES_ERROR;
				GCC_WARN_UNDECLARED_SELECTOR = YES;
				GCC_WARN_UNINITIALIZED_AUTOS = YES_AGGRESSIVE;
				GCC_WARN_UNUSED_FUNCTION = YES;
				GCC_WARN_UNUSED_VARIABLE = YES;
				IPHONEOS_DEPLOYMENT_TARGET = 7.1;
				SDKROOT = iphoneos;
				TARGETED_DEVICE_FAMILY = "1,2";
				VALIDATE_PRODUCT = YES;
			};
			name = Release;
		};
		1CED5F1E19AC82FE0023512F /* Debug */ = {
			isa = XCBuildConfiguration;
			buildSettings = {
				ASSETCATALOG_COMPILER_APPICON_NAME = AppIcon;
				ASSETCATALOG_COMPILER_LAUNCHIMAGE_NAME = LaunchImage;
				GCC_PRECOMPILE_PREFIX_HEADER = YES;
				GCC_PREFIX_HEADER = "Almond/Almond-Prefix.pch";
				INFOPLIST_FILE = "Almond/Almond-Info.plist";
				PRODUCT_NAME = "$(TARGET_NAME)";
				WRAPPER_EXTENSION = app;
			};
			name = Debug;
		};
		1CED5F1F19AC82FE0023512F /* Release */ = {
			isa = XCBuildConfiguration;
			buildSettings = {
				ASSETCATALOG_COMPILER_APPICON_NAME = AppIcon;
				ASSETCATALOG_COMPILER_LAUNCHIMAGE_NAME = LaunchImage;
				GCC_PRECOMPILE_PREFIX_HEADER = YES;
				GCC_PREFIX_HEADER = "Almond/Almond-Prefix.pch";
				INFOPLIST_FILE = "Almond/Almond-Info.plist";
				PRODUCT_NAME = "$(TARGET_NAME)";
				WRAPPER_EXTENSION = app;
			};
			name = Release;
		};
		1CED5F2119AC82FE0023512F /* Debug */ = {
			isa = XCBuildConfiguration;
			buildSettings = {
				BUNDLE_LOADER = "$(BUILT_PRODUCTS_DIR)/Almond.app/Almond";
				FRAMEWORK_SEARCH_PATHS = (
					"$(SDKROOT)/Developer/Library/Frameworks",
					"$(inherited)",
					"$(DEVELOPER_FRAMEWORKS_DIR)",
				);
				GCC_PRECOMPILE_PREFIX_HEADER = YES;
				GCC_PREFIX_HEADER = "Almond/Almond-Prefix.pch";
				GCC_PREPROCESSOR_DEFINITIONS = (
					"DEBUG=1",
					"$(inherited)",
				);
				INFOPLIST_FILE = "AlmondTests/AlmondTests-Info.plist";
				PRODUCT_NAME = "$(TARGET_NAME)";
				TEST_HOST = "$(BUNDLE_LOADER)";
				WRAPPER_EXTENSION = xctest;
			};
			name = Debug;
		};
		1CED5F2219AC82FE0023512F /* Release */ = {
			isa = XCBuildConfiguration;
			buildSettings = {
				BUNDLE_LOADER = "$(BUILT_PRODUCTS_DIR)/Almond.app/Almond";
				FRAMEWORK_SEARCH_PATHS = (
					"$(SDKROOT)/Developer/Library/Frameworks",
					"$(inherited)",
					"$(DEVELOPER_FRAMEWORKS_DIR)",
				);
				GCC_PRECOMPILE_PREFIX_HEADER = YES;
				GCC_PREFIX_HEADER = "Almond/Almond-Prefix.pch";
				INFOPLIST_FILE = "AlmondTests/AlmondTests-Info.plist";
				PRODUCT_NAME = "$(TARGET_NAME)";
				TEST_HOST = "$(BUNDLE_LOADER)";
				WRAPPER_EXTENSION = xctest;
			};
			name = Release;
		};
/* End XCBuildConfiguration section */

/* Begin XCConfigurationList section */
		1CED5EEC19AC82FD0023512F /* Build configuration list for PBXProject "Almond" */ = {
			isa = XCConfigurationList;
			buildConfigurations = (
				1CED5F1B19AC82FE0023512F /* Debug */,
				1CED5F1C19AC82FE0023512F /* Release */,
			);
			defaultConfigurationIsVisible = 0;
			defaultConfigurationName = Release;
		};
		1CED5F1D19AC82FE0023512F /* Build configuration list for PBXNativeTarget "Almond" */ = {
			isa = XCConfigurationList;
			buildConfigurations = (
				1CED5F1E19AC82FE0023512F /* Debug */,
				1CED5F1F19AC82FE0023512F /* Release */,
			);
			defaultConfigurationIsVisible = 0;
		};
		1CED5F2019AC82FE0023512F /* Build configuration list for PBXNativeTarget "AlmondTests" */ = {
			isa = XCConfigurationList;
			buildConfigurations = (
				1CED5F2119AC82FE0023512F /* Debug */,
				1CED5F2219AC82FE0023512F /* Release */,
			);
			defaultConfigurationIsVisible = 0;
		};
/* End XCConfigurationList section */
	};
	rootObject = 1CED5EE919AC82FD0023512F /* Project object */;
}
