PODS:
  - CrashlyticsFramework (2.2.2)
  - GoogleAnalytics-iOS-SDK (3.0.9)
  - iToast (0.0.1)
  - MBProgressHUD (0.9)
  - SWRevealViewController (2.3.0)

DEPENDENCIES:
  - CrashlyticsFramework (~> 2.2.1)
  - GoogleAnalytics-iOS-SDK (~> 3.0)
  - iToast (~> 0.0)
  - MBProgressHUD (~> 0.9)
  - SWRevealViewController (~> 2.3)

SPEC CHECKSUMS:
  CrashlyticsFramework: bce4c0e83b50f22aafde946b41a34a6b8ca7acd0
  GoogleAnalytics-iOS-SDK: d9e198b1f955259a72886769be7377cdfcdb2250
  iToast: 4de112d3dd42a3a8bf685572e6cda723c9cbc4f2
  MBProgressHUD: 2038dbcf3dce73215abed6001657043d53aa79a8
  SWRevealViewController: f6d80638b8e12323e87ac79562345403a799cb77

COCOAPODS: 0.33.1
