// !$*UTF8*$!
{
	archiveVersion = 1;
	classes = {
	};
	objectVersion = 46;
	objects = {

/* Begin PBXBuildFile section */
		1C0C99131A1B5DD100148010 /* SFINotificationsViewController.m in Sources */ = {isa = PBXBuildFile; fileRef = 1C0C99121A1B5DD100148010 /* SFINotificationsViewController.m */; };
		1C0C99161A1C37D500148010 /* SFINotificationTableViewCell.m in Sources */ = {isa = PBXBuildFile; fileRef = 1C0C99151A1C37D500148010 /* SFINotificationTableViewCell.m */; };
		1C20560B1A2EBBBB00975495 /* main.m in Sources */ = {isa = PBXBuildFile; fileRef = 1C20560A1A2EBBBB00975495 /* main.m */; };
		1C2056191A2EBBBB00975495 /* HomeScreen-Images.xcassets in Resources */ = {isa = PBXBuildFile; fileRef = 1C2056181A2EBBBB00975495 /* HomeScreen-Images.xcassets */; };
		1C33E94F19C025DB0014725A /* QuartzCore.framework in Frameworks */ = {isa = PBXBuildFile; fileRef = 1C33E94E19C025DB0014725A /* QuartzCore.framework */; };
		1C4E6FCB1A108F5600276EC4 /* SFIRouterSettingsTableViewCell.m in Sources */ = {isa = PBXBuildFile; fileRef = 1C4E6FCA1A108F5600276EC4 /* SFIRouterSettingsTableViewCell.m */; };
		1C4E6FCE1A11B37800276EC4 /* SFIRouterDevicesTableViewCell.m in Sources */ = {isa = PBXBuildFile; fileRef = 1C4E6FCD1A11B37800276EC4 /* SFIRouterDevicesTableViewCell.m */; };
		1C4E6FD11A11B62900276EC4 /* SFIRouterRebootTableViewCell.m in Sources */ = {isa = PBXBuildFile; fileRef = 1C4E6FD01A11B62900276EC4 /* SFIRouterRebootTableViewCell.m */; };
		1C58C2291A3039D300C3C5A2 /* Almond-Images.xcassets in Resources */ = {isa = PBXBuildFile; fileRef = 1C58C2281A3039D300C3C5A2 /* Almond-Images.xcassets */; };
		1C75815419AC86940074C601 /* Security.framework in Frameworks */ = {isa = PBXBuildFile; fileRef = 1C75815319AC86940074C601 /* Security.framework */; };
		1C75815619AC86A10074C601 /* SystemConfiguration.framework in Frameworks */ = {isa = PBXBuildFile; fileRef = 1C75815519AC86A10074C601 /* SystemConfiguration.framework */; };
		1C75815819AC86A80074C601 /* CFNetwork.framework in Frameworks */ = {isa = PBXBuildFile; fileRef = 1C75815719AC86A80074C601 /* CFNetwork.framework */; };
		1C75815A19AC86BB0074C601 /* libz.dylib in Frameworks */ = {isa = PBXBuildFile; fileRef = 1C75815919AC86BB0074C601 /* libz.dylib */; };
		1C75815C19AC86C20074C601 /* libxml2.dylib in Frameworks */ = {isa = PBXBuildFile; fileRef = 1C75815B19AC86C20074C601 /* libxml2.dylib */; };
		1C7581A719AD7BD00074C601 /* SFIAffiliationViewController.m in Sources */ = {isa = PBXBuildFile; fileRef = 1C75818C19AD7BD00074C601 /* SFIAffiliationViewController.m */; };
		1C7581A819AD7BD00074C601 /* SFIBlockedContent.m in Sources */ = {isa = PBXBuildFile; fileRef = 1C75818E19AD7BD00074C601 /* SFIBlockedContent.m */; };
		1C7581AA19AD7BD00074C601 /* SFIBlockedDevice.m in Sources */ = {isa = PBXBuildFile; fileRef = 1C75819219AD7BD00074C601 /* SFIBlockedDevice.m */; };
		1C7581AB19AD7BD00074C601 /* SFIConnectedDevice.m in Sources */ = {isa = PBXBuildFile; fileRef = 1C75819419AD7BD00074C601 /* SFIConnectedDevice.m */; };
		1C7581AE19AD7BD00074C601 /* SFIDevicesList.m in Sources */ = {isa = PBXBuildFile; fileRef = 1C75819A19AD7BD00074C601 /* SFIDevicesList.m */; };
		1C7581B119AD7BD00074C601 /* SFIGenericRouterCommand.m in Sources */ = {isa = PBXBuildFile; fileRef = 1C7581A019AD7BD00074C601 /* SFIGenericRouterCommand.m */; };
		1C7581CA19AD7F190074C601 /* SFIRouterTableViewController.m in Sources */ = {isa = PBXBuildFile; fileRef = 1C7581C419AD7F190074C601 /* SFIRouterTableViewController.m */; };
		1C7581D219AD7FB00074C601 /* SFIParser.m in Sources */ = {isa = PBXBuildFile; fileRef = 1C7581D119AD7FB00074C601 /* SFIParser.m */; };
		1C7581D819AD7FDA0074C601 /* SFIRouterReboot.m in Sources */ = {isa = PBXBuildFile; fileRef = 1C7581D719AD7FDA0074C601 /* SFIRouterReboot.m */; };
		1C7581F619AD84AF0074C601 /* libSecurifiToolkit.a in Frameworks */ = {isa = PBXBuildFile; fileRef = 1C7581F519AD84AF0074C601 /* libSecurifiToolkit.a */; };
		1C75821019B036C70074C601 /* ScoreboardViewController.m in Sources */ = {isa = PBXBuildFile; fileRef = 1C75820F19B036C70074C601 /* ScoreboardViewController.m */; };
		1C75821319B054660074C601 /* SFITableViewController.m in Sources */ = {isa = PBXBuildFile; fileRef = 1C75821219B054660074C601 /* SFITableViewController.m */; };
		1C75821619B05BAC0074C601 /* Analytics.m in Sources */ = {isa = PBXBuildFile; fileRef = 1C75821519B05BAC0074C601 /* Analytics.m */; };
		1C988E371A09FB1E0070C276 /* SFICardTableViewCell.m in Sources */ = {isa = PBXBuildFile; fileRef = 1C988E361A09FB1E0070C276 /* SFICardTableViewCell.m */; };
		1CEB0B4A1A09C13C007D31A9 /* SFICardView.m in Sources */ = {isa = PBXBuildFile; fileRef = 1CEB0B491A09C13C007D31A9 /* SFICardView.m */; };
		1CED5EF519AC82FD0023512F /* Foundation.framework in Frameworks */ = {isa = PBXBuildFile; fileRef = 1CED5EF419AC82FD0023512F /* Foundation.framework */; };
		1CED5EF719AC82FD0023512F /* CoreGraphics.framework in Frameworks */ = {isa = PBXBuildFile; fileRef = 1CED5EF619AC82FD0023512F /* CoreGraphics.framework */; };
		1CED5EF919AC82FD0023512F /* UIKit.framework in Frameworks */ = {isa = PBXBuildFile; fileRef = 1CED5EF819AC82FD0023512F /* UIKit.framework */; };
		1CED5F0119AC82FD0023512F /* main.m in Sources */ = {isa = PBXBuildFile; fileRef = 1CED5F0019AC82FD0023512F /* main.m */; };
		1CED5F0519AC82FD0023512F /* SFIAppDelegate.m in Sources */ = {isa = PBXBuildFile; fileRef = 1CED5F0419AC82FD0023512F /* SFIAppDelegate.m */; };
		1CED602919AC85AB0023512F /* cert.der in Resources */ = {isa = PBXBuildFile; fileRef = 1CED5F2719AC85AA0023512F /* cert.der */; };
		1CED602C19AC85AB0023512F /* MainStoryboard_iPad.storyboard in Resources */ = {isa = PBXBuildFile; fileRef = 1CED5F2C19AC85AA0023512F /* MainStoryboard_iPad.storyboard */; };
		1CED602D19AC85AB0023512F /* MainStoryboard_iPhone.storyboard in Resources */ = {isa = PBXBuildFile; fileRef = 1CED5F2E19AC85AA0023512F /* MainStoryboard_iPhone.storyboard */; };
		1CED60B719AC85AB0023512F /* SFIActivationViewController.m in Sources */ = {isa = PBXBuildFile; fileRef = 1CED5FCC19AC85AB0023512F /* SFIActivationViewController.m */; };
		1CED60B819AC85AB0023512F /* SFILoginViewController.m in Sources */ = {isa = PBXBuildFile; fileRef = 1CED5FCE19AC85AB0023512F /* SFILoginViewController.m */; };
		1CED60B919AC85AB0023512F /* SFILogoutAllViewController.m in Sources */ = {isa = PBXBuildFile; fileRef = 1CED5FD019AC85AB0023512F /* SFILogoutAllViewController.m */; };
		1CED60BA19AC85AB0023512F /* NSString+ASBase64.m in Sources */ = {isa = PBXBuildFile; fileRef = 1CED5FD319AC85AB0023512F /* NSString+ASBase64.m */; };
		1CED60C019AC85AB0023512F /* SFISensorDetailView.m in Sources */ = {isa = PBXBuildFile; fileRef = 1CED5FE119AC85AB0023512F /* SFISensorDetailView.m */; };
		1CED60C119AC85AB0023512F /* SFISensorsViewController.m in Sources */ = {isa = PBXBuildFile; fileRef = 1CED5FE319AC85AB0023512F /* SFISensorsViewController.m */; };
		1CED60C219AC85AB0023512F /* SFISensorTableViewCell.m in Sources */ = {isa = PBXBuildFile; fileRef = 1CED5FE519AC85AB0023512F /* SFISensorTableViewCell.m */; };
		1CED60C319AC85AB0023512F /* SFISignupViewController.m in Sources */ = {isa = PBXBuildFile; fileRef = 1CED5FE819AC85AB0023512F /* SFISignupViewController.m */; };
		1CED60C419AC85AB0023512F /* termsofuse.html in Resources */ = {isa = PBXBuildFile; fileRef = 1CED5FE919AC85AB0023512F /* termsofuse.html */; };
		1CED60C519AC85AB0023512F /* DrawerViewController.m in Sources */ = {isa = PBXBuildFile; fileRef = 1CED5FEC19AC85AB0023512F /* DrawerViewController.m */; };
		1CED60CB19AC85AB0023512F /* SFICloudStatusBarButtonItem.m in Sources */ = {isa = PBXBuildFile; fileRef = 1CED5FF419AC85AB0023512F /* SFICloudStatusBarButtonItem.m */; };
		1CED60CC19AC85AB0023512F /* SFIColors.m in Sources */ = {isa = PBXBuildFile; fileRef = 1CED5FF619AC85AB0023512F /* SFIColors.m */; };
		1CED60CD19AC85AB0023512F /* SFIConstants.m in Sources */ = {isa = PBXBuildFile; fileRef = 1CED5FF819AC85AB0023512F /* SFIConstants.m */; };
		1CED60CE19AC85AB0023512F /* SFIHighlightedButton.m in Sources */ = {isa = PBXBuildFile; fileRef = 1CED5FFA19AC85AB0023512F /* SFIHighlightedButton.m */; };
		1CED60CF19AC85AB0023512F /* SFIMainViewController.m in Sources */ = {isa = PBXBuildFile; fileRef = 1CED5FFC19AC85AB0023512F /* SFIMainViewController.m */; };
		1CED60D319AC85AB0023512F /* SFISensor.m in Sources */ = {isa = PBXBuildFile; fileRef = 1CED600419AC85AB0023512F /* SFISensor.m */; };
		1CED60D419AC85AB0023512F /* SFISlider.m in Sources */ = {isa = PBXBuildFile; fileRef = 1CED600619AC85AB0023512F /* SFISlider.m */; };
		1CED60D519AC85AB0023512F /* SNLog.m in Sources */ = {isa = PBXBuildFile; fileRef = 1CED600919AC85AB0023512F /* SNLog.m */; };
		1CEE69471A37EDEE008D8567 /* termsofuse.html in Resources */ = {isa = PBXBuildFile; fileRef = 1CEE69461A37EDEE008D8567 /* termsofuse.html */; };
		1CEE694A1A37F3A0008D8567 /* HomeScreenAppDelegate.m in Sources */ = {isa = PBXBuildFile; fileRef = 1CEE69491A37F3A0008D8567 /* HomeScreenAppDelegate.m */; };
		1CEE694C1A37F5F6008D8567 /* libSecurifiToolkit.a in Frameworks */ = {isa = PBXBuildFile; fileRef = 1CEE694B1A37F5F6008D8567 /* libSecurifiToolkit.a */; };
		1CEE694D1A37F61A008D8567 /* QuartzCore.framework in Frameworks */ = {isa = PBXBuildFile; fileRef = 1C33E94E19C025DB0014725A /* QuartzCore.framework */; };
		1CEE694E1A37F625008D8567 /* libxml2.dylib in Frameworks */ = {isa = PBXBuildFile; fileRef = 1C75815B19AC86C20074C601 /* libxml2.dylib */; };
		1CEE694F1A37F62D008D8567 /* libz.dylib in Frameworks */ = {isa = PBXBuildFile; fileRef = 1C75815919AC86BB0074C601 /* libz.dylib */; };
		1CEE69501A37F635008D8567 /* CFNetwork.framework in Frameworks */ = {isa = PBXBuildFile; fileRef = 1C75815719AC86A80074C601 /* CFNetwork.framework */; };
		1CEE69511A37F63E008D8567 /* SystemConfiguration.framework in Frameworks */ = {isa = PBXBuildFile; fileRef = 1C75815519AC86A10074C601 /* SystemConfiguration.framework */; };
		1CEE69521A37F645008D8567 /* Security.framework in Frameworks */ = {isa = PBXBuildFile; fileRef = 1C75815319AC86940074C601 /* Security.framework */; };
		1CEE69531A37F64D008D8567 /* CoreGraphics.framework in Frameworks */ = {isa = PBXBuildFile; fileRef = 1CED5EF619AC82FD0023512F /* CoreGraphics.framework */; };
		1CEE69541A37F656008D8567 /* UIKit.framework in Frameworks */ = {isa = PBXBuildFile; fileRef = 1CED5EF819AC82FD0023512F /* UIKit.framework */; };
		1CEE69551A37F65D008D8567 /* Foundation.framework in Frameworks */ = {isa = PBXBuildFile; fileRef = 1CED5EF419AC82FD0023512F /* Foundation.framework */; };
		1CEE69571A37F73E008D8567 /* cert.der in Resources */ = {isa = PBXBuildFile; fileRef = 1CED5F2719AC85AA0023512F /* cert.der */; };
		1CEE69581A37F7CB008D8567 /* AccountsStoryboard_iPhone.storyboard in Resources */ = {isa = PBXBuildFile; fileRef = CEA349BD1A33348700AFC379 /* AccountsStoryboard_iPhone.storyboard */; };
		1CEE69591A37F7CB008D8567 /* MainStoryboard_iPad.storyboard in Resources */ = {isa = PBXBuildFile; fileRef = 1CED5F2C19AC85AA0023512F /* MainStoryboard_iPad.storyboard */; };
		1CEE695A1A37F7CB008D8567 /* MainStoryboard_iPhone.storyboard in Resources */ = {isa = PBXBuildFile; fileRef = 1CED5F2E19AC85AA0023512F /* MainStoryboard_iPhone.storyboard */; };
		1CEE695B1A37F7CB008D8567 /* Localizable.strings in Resources */ = {isa = PBXBuildFile; fileRef = 1DF037D458FF6476B3446571 /* Localizable.strings */; };
		1CEE695C1A3AAB61008D8567 /* SFIAppDelegate.m in Sources */ = {isa = PBXBuildFile; fileRef = 1CED5F0419AC82FD0023512F /* SFIAppDelegate.m */; };
		1CEE695D1A3AAB8A008D8567 /* SFINotificationsViewController.m in Sources */ = {isa = PBXBuildFile; fileRef = 1C0C99121A1B5DD100148010 /* SFINotificationsViewController.m */; };
		1CEE695E1A3AAB8A008D8567 /* SFINotificationTableViewCell.m in Sources */ = {isa = PBXBuildFile; fileRef = 1C0C99151A1C37D500148010 /* SFINotificationTableViewCell.m */; };
		1CEE695F1A3AAB8A008D8567 /* UIFont+Securifi.m in Sources */ = {isa = PBXBuildFile; fileRef = CE458D6619EF98EA00689251 /* UIFont+Securifi.m */; };
		1CEE69601A3AAB8A008D8567 /* UIView+Borders.m in Sources */ = {isa = PBXBuildFile; fileRef = 1DF0319B1FB51685ABC16993 /* UIView+Borders.m */; };
		1CEE69611A3AAB8A008D8567 /* UIViewController+Securifi.m in Sources */ = {isa = PBXBuildFile; fileRef = 1DF030330F6AE92A78853907 /* UIViewController+Securifi.m */; };
		1CEE69621A3AAB8A008D8567 /* SFIAccountsTableViewController.m in Sources */ = {isa = PBXBuildFile; fileRef = CE91314E19C6B14100D94876 /* SFIAccountsTableViewController.m */; };
		1CEE69631A3AAB8A008D8567 /* SFIUserProfile.m in Sources */ = {isa = PBXBuildFile; fileRef = CE91315F19C7068C00D94876 /* SFIUserProfile.m */; };
		1CEE69641A3AAB8A008D8567 /* SFIPasswordChangeViewController.m in Sources */ = {isa = PBXBuildFile; fileRef = CE91316919C95AE600D94876 /* SFIPasswordChangeViewController.m */; };
		1CEE69651A3AABAD008D8567 /* SFIRouterReboot.m in Sources */ = {isa = PBXBuildFile; fileRef = 1C7581D719AD7FDA0074C601 /* SFIRouterReboot.m */; };
		1CEE69661A3AABAD008D8567 /* SFIRouterTableViewController.m in Sources */ = {isa = PBXBuildFile; fileRef = 1C7581C419AD7F190074C601 /* SFIRouterTableViewController.m */; };
		1CEE69671A3AABAD008D8567 /* SFIRouterSettingsTableViewCell.m in Sources */ = {isa = PBXBuildFile; fileRef = 1C4E6FCA1A108F5600276EC4 /* SFIRouterSettingsTableViewCell.m */; };
		1CEE69681A3AABAD008D8567 /* SFIRouterDevicesTableViewCell.m in Sources */ = {isa = PBXBuildFile; fileRef = 1C4E6FCD1A11B37800276EC4 /* SFIRouterDevicesTableViewCell.m */; };
		1CEE69691A3AABAD008D8567 /* SFIRouterRebootTableViewCell.m in Sources */ = {isa = PBXBuildFile; fileRef = 1C4E6FD01A11B62900276EC4 /* SFIRouterRebootTableViewCell.m */; };
		1CEE696A1A3AABAD008D8567 /* SFIAffiliationViewController.m in Sources */ = {isa = PBXBuildFile; fileRef = 1C75818C19AD7BD00074C601 /* SFIAffiliationViewController.m */; };
		1CEE696B1A3AABAD008D8567 /* SFIBlockedContent.m in Sources */ = {isa = PBXBuildFile; fileRef = 1C75818E19AD7BD00074C601 /* SFIBlockedContent.m */; };
		1CEE696C1A3AABAD008D8567 /* SFIBlockedDevice.m in Sources */ = {isa = PBXBuildFile; fileRef = 1C75819219AD7BD00074C601 /* SFIBlockedDevice.m */; };
		1CEE696D1A3AABAD008D8567 /* SFIConnectedDevice.m in Sources */ = {isa = PBXBuildFile; fileRef = 1C75819419AD7BD00074C601 /* SFIConnectedDevice.m */; };
		1CEE696E1A3AABAD008D8567 /* SFIDevicesList.m in Sources */ = {isa = PBXBuildFile; fileRef = 1C75819A19AD7BD00074C601 /* SFIDevicesList.m */; };
		1CEE696F1A3AABAD008D8567 /* SFIGenericRouterCommand.m in Sources */ = {isa = PBXBuildFile; fileRef = 1C7581A019AD7BD00074C601 /* SFIGenericRouterCommand.m */; };
		1CEE69701A3AABAD008D8567 /* SFIActivationViewController.m in Sources */ = {isa = PBXBuildFile; fileRef = 1CED5FCC19AC85AB0023512F /* SFIActivationViewController.m */; };
		1CEE69711A3AABAD008D8567 /* SFILoginViewController.m in Sources */ = {isa = PBXBuildFile; fileRef = 1CED5FCE19AC85AB0023512F /* SFILoginViewController.m */; };
		1CEE69721A3AABAD008D8567 /* SFILogoutAllViewController.m in Sources */ = {isa = PBXBuildFile; fileRef = 1CED5FD019AC85AB0023512F /* SFILogoutAllViewController.m */; };
		1CEE69731A3AABAD008D8567 /* NSString+ASBase64.m in Sources */ = {isa = PBXBuildFile; fileRef = 1CED5FD319AC85AB0023512F /* NSString+ASBase64.m */; };
		1CEE69741A3AABAD008D8567 /* SFISensorDetailView.m in Sources */ = {isa = PBXBuildFile; fileRef = 1CED5FE119AC85AB0023512F /* SFISensorDetailView.m */; };
		1CEE69751A3AABAD008D8567 /* SFISensorsViewController.m in Sources */ = {isa = PBXBuildFile; fileRef = 1CED5FE319AC85AB0023512F /* SFISensorsViewController.m */; };
		1CEE69761A3AABAD008D8567 /* SFISensorTableViewCell.m in Sources */ = {isa = PBXBuildFile; fileRef = 1CED5FE519AC85AB0023512F /* SFISensorTableViewCell.m */; };
		1CEE69771A3AABAD008D8567 /* SFISignupViewController.m in Sources */ = {isa = PBXBuildFile; fileRef = 1CED5FE819AC85AB0023512F /* SFISignupViewController.m */; };
		1CEE69781A3AABAD008D8567 /* SFIParser.m in Sources */ = {isa = PBXBuildFile; fileRef = 1C7581D119AD7FB00074C601 /* SFIParser.m */; };
		1CEE69791A3AABAD008D8567 /* DrawerViewController.m in Sources */ = {isa = PBXBuildFile; fileRef = 1CED5FEC19AC85AB0023512F /* DrawerViewController.m */; };
		1CEE697A1A3AABAD008D8567 /* SFICloudStatusBarButtonItem.m in Sources */ = {isa = PBXBuildFile; fileRef = 1CED5FF419AC85AB0023512F /* SFICloudStatusBarButtonItem.m */; };
		1CEE697B1A3AABAD008D8567 /* SFIColors.m in Sources */ = {isa = PBXBuildFile; fileRef = 1CED5FF619AC85AB0023512F /* SFIColors.m */; };
		1CEE697C1A3AABAD008D8567 /* SFIConstants.m in Sources */ = {isa = PBXBuildFile; fileRef = 1CED5FF819AC85AB0023512F /* SFIConstants.m */; };
		1CEE697D1A3AABAD008D8567 /* SFIHighlightedButton.m in Sources */ = {isa = PBXBuildFile; fileRef = 1CED5FFA19AC85AB0023512F /* SFIHighlightedButton.m */; };
		1CEE697E1A3AABAD008D8567 /* SFIMainViewController.m in Sources */ = {isa = PBXBuildFile; fileRef = 1CED5FFC19AC85AB0023512F /* SFIMainViewController.m */; };
		1CEE697F1A3AABAD008D8567 /* SFISensor.m in Sources */ = {isa = PBXBuildFile; fileRef = 1CED600419AC85AB0023512F /* SFISensor.m */; };
		1CEE69801A3AABAD008D8567 /* SFISlider.m in Sources */ = {isa = PBXBuildFile; fileRef = 1CED600619AC85AB0023512F /* SFISlider.m */; };
		1CEE69811A3AABAD008D8567 /* SFITableViewController.m in Sources */ = {isa = PBXBuildFile; fileRef = 1C75821219B054660074C601 /* SFITableViewController.m */; };
		1CEE69821A3AABAD008D8567 /* SFICopyLabel.m in Sources */ = {isa = PBXBuildFile; fileRef = 1DF03A74219C9A2A23078623 /* SFICopyLabel.m */; };
		1CEE69831A3AABAD008D8567 /* SFICardView.m in Sources */ = {isa = PBXBuildFile; fileRef = 1CEB0B491A09C13C007D31A9 /* SFICardView.m */; };
		1CEE69841A3AABAD008D8567 /* SFICardTableViewCell.m in Sources */ = {isa = PBXBuildFile; fileRef = 1C988E361A09FB1E0070C276 /* SFICardTableViewCell.m */; };
		1CEE69851A3AABAD008D8567 /* SNLog.m in Sources */ = {isa = PBXBuildFile; fileRef = 1CED600919AC85AB0023512F /* SNLog.m */; };
		1CEE69861A3AABAD008D8567 /* ScoreboardViewController.m in Sources */ = {isa = PBXBuildFile; fileRef = 1C75820F19B036C70074C601 /* ScoreboardViewController.m */; };
		1CEE69871A3AABAD008D8567 /* Analytics.m in Sources */ = {isa = PBXBuildFile; fileRef = 1C75821519B05BAC0074C601 /* Analytics.m */; };
		1CEE69881A3AABAD008D8567 /* ScoreboardEventViewController.m in Sources */ = {isa = PBXBuildFile; fileRef = 1DF03A79B522F8092C9C6F1E /* ScoreboardEventViewController.m */; };
		1CEE698B1A3AB25F008D8567 /* Common-Images.xcassets in Resources */ = {isa = PBXBuildFile; fileRef = 1CEE698A1A3AB25F008D8567 /* Common-Images.xcassets */; };
		1CEE698C1A3AB25F008D8567 /* Common-Images.xcassets in Resources */ = {isa = PBXBuildFile; fileRef = 1CEE698A1A3AB25F008D8567 /* Common-Images.xcassets */; };
		1DF031F5FE02FF77A500E6AB /* SFICopyLabel.m in Sources */ = {isa = PBXBuildFile; fileRef = 1DF03A74219C9A2A23078623 /* SFICopyLabel.m */; };
		1DF037FCD2D5C9CC3010E790 /* ScoreboardEventViewController.m in Sources */ = {isa = PBXBuildFile; fileRef = 1DF03A79B522F8092C9C6F1E /* ScoreboardEventViewController.m */; };
		1DF03808425114D5220DF058 /* UIViewController+Securifi.m in Sources */ = {isa = PBXBuildFile; fileRef = 1DF030330F6AE92A78853907 /* UIViewController+Securifi.m */; };
		1DF03A36D98A00D4E8B5682B /* UIView+Borders.m in Sources */ = {isa = PBXBuildFile; fileRef = 1DF0319B1FB51685ABC16993 /* UIView+Borders.m */; };
		1DF03C1246271DE936211238 /* Localizable.strings in Resources */ = {isa = PBXBuildFile; fileRef = 1DF037D458FF6476B3446571 /* Localizable.strings */; };
		7CB5434B38D653A029281FD1 /* libPods.a in Frameworks */ = {isa = PBXBuildFile; fileRef = C7BE6C0BC2A24D858015ECCD /* libPods.a */; };
		CE458D6719EF98EA00689251 /* UIFont+Securifi.m in Sources */ = {isa = PBXBuildFile; fileRef = CE458D6619EF98EA00689251 /* UIFont+Securifi.m */; };
		CE91314F19C6B14100D94876 /* SFIAccountsTableViewController.m in Sources */ = {isa = PBXBuildFile; fileRef = CE91314E19C6B14100D94876 /* SFIAccountsTableViewController.m */; };
		CE91316019C7068C00D94876 /* SFIUserProfile.m in Sources */ = {isa = PBXBuildFile; fileRef = CE91315F19C7068C00D94876 /* SFIUserProfile.m */; };
		CE91316A19C95AE600D94876 /* SFIPasswordChangeViewController.m in Sources */ = {isa = PBXBuildFile; fileRef = CE91316919C95AE600D94876 /* SFIPasswordChangeViewController.m */; };
		CEA349BB1A33348700AFC379 /* AccountsStoryboard_iPhone.storyboard in Resources */ = {isa = PBXBuildFile; fileRef = CEA349BD1A33348700AFC379 /* AccountsStoryboard_iPhone.storyboard */; };
		D68A83C0FF154EB48DA37E09 /* libPods.a in Frameworks */ = {isa = PBXBuildFile; fileRef = C7BE6C0BC2A24D858015ECCD /* libPods.a */; };
/* End PBXBuildFile section */

/* Begin PBXFileReference section */
		04DD44299464F3B8199632FD /* Pods.debug.xcconfig */ = {isa = PBXFileReference; includeInIndex = 1; lastKnownFileType = text.xcconfig; name = Pods.debug.xcconfig; path = "Pods/Target Support Files/Pods/Pods.debug.xcconfig"; sourceTree = "<group>"; };
		1C0C99111A1B5DD100148010 /* SFINotificationsViewController.h */ = {isa = PBXFileReference; fileEncoding = 4; lastKnownFileType = sourcecode.c.h; path = SFINotificationsViewController.h; sourceTree = "<group>"; };
		1C0C99121A1B5DD100148010 /* SFINotificationsViewController.m */ = {isa = PBXFileReference; fileEncoding = 4; lastKnownFileType = sourcecode.c.objc; path = SFINotificationsViewController.m; sourceTree = "<group>"; };
		1C0C99141A1C37D500148010 /* SFINotificationTableViewCell.h */ = {isa = PBXFileReference; fileEncoding = 4; lastKnownFileType = sourcecode.c.h; path = SFINotificationTableViewCell.h; sourceTree = "<group>"; };
		1C0C99151A1C37D500148010 /* SFINotificationTableViewCell.m */ = {isa = PBXFileReference; fileEncoding = 4; lastKnownFileType = sourcecode.c.objc; path = SFINotificationTableViewCell.m; sourceTree = "<group>"; };
		1C2056061A2EBBBA00975495 /* HomeScreen.app */ = {isa = PBXFileReference; explicitFileType = wrapper.application; includeInIndex = 0; path = HomeScreen.app; sourceTree = BUILT_PRODUCTS_DIR; };
		1C2056091A2EBBBB00975495 /* Info.plist */ = {isa = PBXFileReference; lastKnownFileType = text.plist.xml; path = Info.plist; sourceTree = "<group>"; };
		1C20560A1A2EBBBB00975495 /* main.m */ = {isa = PBXFileReference; lastKnownFileType = sourcecode.c.objc; path = main.m; sourceTree = "<group>"; };
		1C2056181A2EBBBB00975495 /* HomeScreen-Images.xcassets */ = {isa = PBXFileReference; lastKnownFileType = folder.assetcatalog; path = "HomeScreen-Images.xcassets"; sourceTree = "<group>"; };
		1C33E94E19C025DB0014725A /* QuartzCore.framework */ = {isa = PBXFileReference; lastKnownFileType = wrapper.framework; name = QuartzCore.framework; path = System/Library/Frameworks/QuartzCore.framework; sourceTree = SDKROOT; };
		1C4E6FC91A108F5600276EC4 /* SFIRouterSettingsTableViewCell.h */ = {isa = PBXFileReference; fileEncoding = 4; lastKnownFileType = sourcecode.c.h; path = SFIRouterSettingsTableViewCell.h; sourceTree = "<group>"; };
		1C4E6FCA1A108F5600276EC4 /* SFIRouterSettingsTableViewCell.m */ = {isa = PBXFileReference; fileEncoding = 4; lastKnownFileType = sourcecode.c.objc; path = SFIRouterSettingsTableViewCell.m; sourceTree = "<group>"; };
		1C4E6FCC1A11B37800276EC4 /* SFIRouterDevicesTableViewCell.h */ = {isa = PBXFileReference; fileEncoding = 4; lastKnownFileType = sourcecode.c.h; path = SFIRouterDevicesTableViewCell.h; sourceTree = "<group>"; };
		1C4E6FCD1A11B37800276EC4 /* SFIRouterDevicesTableViewCell.m */ = {isa = PBXFileReference; fileEncoding = 4; lastKnownFileType = sourcecode.c.objc; path = SFIRouterDevicesTableViewCell.m; sourceTree = "<group>"; };
		1C4E6FCF1A11B62900276EC4 /* SFIRouterRebootTableViewCell.h */ = {isa = PBXFileReference; fileEncoding = 4; lastKnownFileType = sourcecode.c.h; path = SFIRouterRebootTableViewCell.h; sourceTree = "<group>"; };
		1C4E6FD01A11B62900276EC4 /* SFIRouterRebootTableViewCell.m */ = {isa = PBXFileReference; fileEncoding = 4; lastKnownFileType = sourcecode.c.objc; path = SFIRouterRebootTableViewCell.m; sourceTree = "<group>"; };
		1C58C2281A3039D300C3C5A2 /* Almond-Images.xcassets */ = {isa = PBXFileReference; lastKnownFileType = folder.assetcatalog; path = "Almond-Images.xcassets"; sourceTree = "<group>"; };
		1C75815319AC86940074C601 /* Security.framework */ = {isa = PBXFileReference; lastKnownFileType = wrapper.framework; name = Security.framework; path = System/Library/Frameworks/Security.framework; sourceTree = SDKROOT; };
		1C75815519AC86A10074C601 /* SystemConfiguration.framework */ = {isa = PBXFileReference; lastKnownFileType = wrapper.framework; name = SystemConfiguration.framework; path = System/Library/Frameworks/SystemConfiguration.framework; sourceTree = SDKROOT; };
		1C75815719AC86A80074C601 /* CFNetwork.framework */ = {isa = PBXFileReference; lastKnownFileType = wrapper.framework; name = CFNetwork.framework; path = System/Library/Frameworks/CFNetwork.framework; sourceTree = SDKROOT; };
		1C75815919AC86BB0074C601 /* libz.dylib */ = {isa = PBXFileReference; lastKnownFileType = "compiled.mach-o.dylib"; name = libz.dylib; path = usr/lib/libz.dylib; sourceTree = SDKROOT; };
		1C75815B19AC86C20074C601 /* libxml2.dylib */ = {isa = PBXFileReference; lastKnownFileType = "compiled.mach-o.dylib"; name = libxml2.dylib; path = usr/lib/libxml2.dylib; sourceTree = SDKROOT; };
		1C75818B19AD7BD00074C601 /* SFIAffiliationViewController.h */ = {isa = PBXFileReference; fileEncoding = 4; lastKnownFileType = sourcecode.c.h; path = SFIAffiliationViewController.h; sourceTree = "<group>"; };
		1C75818C19AD7BD00074C601 /* SFIAffiliationViewController.m */ = {isa = PBXFileReference; fileEncoding = 4; lastKnownFileType = sourcecode.c.objc; path = SFIAffiliationViewController.m; sourceTree = "<group>"; };
		1C75818D19AD7BD00074C601 /* SFIBlockedContent.h */ = {isa = PBXFileReference; fileEncoding = 4; lastKnownFileType = sourcecode.c.h; path = SFIBlockedContent.h; sourceTree = "<group>"; };
		1C75818E19AD7BD00074C601 /* SFIBlockedContent.m */ = {isa = PBXFileReference; fileEncoding = 4; lastKnownFileType = sourcecode.c.objc; path = SFIBlockedContent.m; sourceTree = "<group>"; };
		1C75819119AD7BD00074C601 /* SFIBlockedDevice.h */ = {isa = PBXFileReference; fileEncoding = 4; lastKnownFileType = sourcecode.c.h; path = SFIBlockedDevice.h; sourceTree = "<group>"; };
		1C75819219AD7BD00074C601 /* SFIBlockedDevice.m */ = {isa = PBXFileReference; fileEncoding = 4; lastKnownFileType = sourcecode.c.objc; path = SFIBlockedDevice.m; sourceTree = "<group>"; };
		1C75819319AD7BD00074C601 /* SFIConnectedDevice.h */ = {isa = PBXFileReference; fileEncoding = 4; lastKnownFileType = sourcecode.c.h; path = SFIConnectedDevice.h; sourceTree = "<group>"; };
		1C75819419AD7BD00074C601 /* SFIConnectedDevice.m */ = {isa = PBXFileReference; fileEncoding = 4; lastKnownFileType = sourcecode.c.objc; path = SFIConnectedDevice.m; sourceTree = "<group>"; };
		1C75819919AD7BD00074C601 /* SFIDevicesList.h */ = {isa = PBXFileReference; fileEncoding = 4; lastKnownFileType = sourcecode.c.h; path = SFIDevicesList.h; sourceTree = "<group>"; };
		1C75819A19AD7BD00074C601 /* SFIDevicesList.m */ = {isa = PBXFileReference; fileEncoding = 4; lastKnownFileType = sourcecode.c.objc; path = SFIDevicesList.m; sourceTree = "<group>"; };
		1C75819F19AD7BD00074C601 /* SFIGenericRouterCommand.h */ = {isa = PBXFileReference; fileEncoding = 4; lastKnownFileType = sourcecode.c.h; path = SFIGenericRouterCommand.h; sourceTree = "<group>"; };
		1C7581A019AD7BD00074C601 /* SFIGenericRouterCommand.m */ = {isa = PBXFileReference; fileEncoding = 4; lastKnownFileType = sourcecode.c.objc; path = SFIGenericRouterCommand.m; sourceTree = "<group>"; };
		1C7581C319AD7F190074C601 /* SFIRouterTableViewController.h */ = {isa = PBXFileReference; fileEncoding = 4; lastKnownFileType = sourcecode.c.h; path = SFIRouterTableViewController.h; sourceTree = "<group>"; };
		1C7581C419AD7F190074C601 /* SFIRouterTableViewController.m */ = {isa = PBXFileReference; fileEncoding = 4; lastKnownFileType = sourcecode.c.objc; path = SFIRouterTableViewController.m; sourceTree = "<group>"; };
		1C7581D019AD7FB00074C601 /* SFIParser.h */ = {isa = PBXFileReference; fileEncoding = 4; lastKnownFileType = sourcecode.c.h; path = SFIParser.h; sourceTree = "<group>"; };
		1C7581D119AD7FB00074C601 /* SFIParser.m */ = {isa = PBXFileReference; fileEncoding = 4; lastKnownFileType = sourcecode.c.objc; path = SFIParser.m; sourceTree = "<group>"; };
		1C7581D619AD7FDA0074C601 /* SFIRouterReboot.h */ = {isa = PBXFileReference; fileEncoding = 4; lastKnownFileType = sourcecode.c.h; path = SFIRouterReboot.h; sourceTree = "<group>"; };
		1C7581D719AD7FDA0074C601 /* SFIRouterReboot.m */ = {isa = PBXFileReference; fileEncoding = 4; lastKnownFileType = sourcecode.c.objc; path = SFIRouterReboot.m; sourceTree = "<group>"; };
		1C7581F519AD84AF0074C601 /* libSecurifiToolkit.a */ = {isa = PBXFileReference; lastKnownFileType = archive.ar; name = libSecurifiToolkit.a; path = "../iostoolkit/build/Debug-iphoneos/libSecurifiToolkit.a"; sourceTree = "<group>"; };
		1C75820E19B036C70074C601 /* ScoreboardViewController.h */ = {isa = PBXFileReference; fileEncoding = 4; lastKnownFileType = sourcecode.c.h; path = ScoreboardViewController.h; sourceTree = "<group>"; };
		1C75820F19B036C70074C601 /* ScoreboardViewController.m */ = {isa = PBXFileReference; fileEncoding = 4; lastKnownFileType = sourcecode.c.objc; path = ScoreboardViewController.m; sourceTree = "<group>"; };
		1C75821119B054660074C601 /* SFITableViewController.h */ = {isa = PBXFileReference; fileEncoding = 4; lastKnownFileType = sourcecode.c.h; path = SFITableViewController.h; sourceTree = "<group>"; };
		1C75821219B054660074C601 /* SFITableViewController.m */ = {isa = PBXFileReference; fileEncoding = 4; lastKnownFileType = sourcecode.c.objc; path = SFITableViewController.m; sourceTree = "<group>"; };
		1C75821419B05BAC0074C601 /* Analytics.h */ = {isa = PBXFileReference; fileEncoding = 4; lastKnownFileType = sourcecode.c.h; path = Analytics.h; sourceTree = "<group>"; };
		1C75821519B05BAC0074C601 /* Analytics.m */ = {isa = PBXFileReference; fileEncoding = 4; lastKnownFileType = sourcecode.c.objc; path = Analytics.m; sourceTree = "<group>"; };
		1C988E351A09FB1E0070C276 /* SFICardTableViewCell.h */ = {isa = PBXFileReference; fileEncoding = 4; lastKnownFileType = sourcecode.c.h; path = SFICardTableViewCell.h; sourceTree = "<group>"; };
		1C988E361A09FB1E0070C276 /* SFICardTableViewCell.m */ = {isa = PBXFileReference; fileEncoding = 4; lastKnownFileType = sourcecode.c.objc; path = SFICardTableViewCell.m; sourceTree = "<group>"; };
		1CEB0B481A09C13C007D31A9 /* SFICardView.h */ = {isa = PBXFileReference; fileEncoding = 4; lastKnownFileType = sourcecode.c.h; path = SFICardView.h; sourceTree = "<group>"; };
		1CEB0B491A09C13C007D31A9 /* SFICardView.m */ = {isa = PBXFileReference; fileEncoding = 4; lastKnownFileType = sourcecode.c.objc; path = SFICardView.m; sourceTree = "<group>"; };
		1CED5EF119AC82FD0023512F /* Almond.app */ = {isa = PBXFileReference; explicitFileType = wrapper.application; includeInIndex = 0; path = Almond.app; sourceTree = BUILT_PRODUCTS_DIR; };
		1CED5EF419AC82FD0023512F /* Foundation.framework */ = {isa = PBXFileReference; lastKnownFileType = wrapper.framework; name = Foundation.framework; path = System/Library/Frameworks/Foundation.framework; sourceTree = SDKROOT; };
		1CED5EF619AC82FD0023512F /* CoreGraphics.framework */ = {isa = PBXFileReference; lastKnownFileType = wrapper.framework; name = CoreGraphics.framework; path = System/Library/Frameworks/CoreGraphics.framework; sourceTree = SDKROOT; };
		1CED5EF819AC82FD0023512F /* UIKit.framework */ = {isa = PBXFileReference; lastKnownFileType = wrapper.framework; name = UIKit.framework; path = System/Library/Frameworks/UIKit.framework; sourceTree = SDKROOT; };
		1CED5EFC19AC82FD0023512F /* Almond-Info.plist */ = {isa = PBXFileReference; lastKnownFileType = text.plist.xml; path = "Almond-Info.plist"; sourceTree = "<group>"; };
		1CED5EFE19AC82FD0023512F /* en */ = {isa = PBXFileReference; lastKnownFileType = text.plist.strings; name = en; path = en.lproj/InfoPlist.strings; sourceTree = "<group>"; };
		1CED5F0019AC82FD0023512F /* main.m */ = {isa = PBXFileReference; lastKnownFileType = sourcecode.c.objc; path = main.m; sourceTree = "<group>"; };
		1CED5F0219AC82FD0023512F /* Almond-Prefix.pch */ = {isa = PBXFileReference; lastKnownFileType = sourcecode.c.h; path = "Almond-Prefix.pch"; sourceTree = "<group>"; };
		1CED5F0319AC82FD0023512F /* SFIAppDelegate.h */ = {isa = PBXFileReference; lastKnownFileType = sourcecode.c.h; path = SFIAppDelegate.h; sourceTree = "<group>"; };
		1CED5F0419AC82FD0023512F /* SFIAppDelegate.m */ = {isa = PBXFileReference; lastKnownFileType = sourcecode.c.objc; path = SFIAppDelegate.m; sourceTree = "<group>"; };
		1CED5F0D19AC82FD0023512F /* XCTest.framework */ = {isa = PBXFileReference; lastKnownFileType = wrapper.framework; name = XCTest.framework; path = Library/Frameworks/XCTest.framework; sourceTree = DEVELOPER_DIR; };
		1CED5F2419AC85AA0023512F /* AlmondPlusConstants.h */ = {isa = PBXFileReference; fileEncoding = 4; lastKnownFileType = sourcecode.c.h; path = AlmondPlusConstants.h; sourceTree = "<group>"; };
		1CED5F2619AC85AA0023512F /* cert.cer */ = {isa = PBXFileReference; fileEncoding = 4; lastKnownFileType = text; path = cert.cer; sourceTree = "<group>"; };
		1CED5F2719AC85AA0023512F /* cert.der */ = {isa = PBXFileReference; lastKnownFileType = file; path = cert.der; sourceTree = "<group>"; };
		1CED5F2819AC85AA0023512F /* certificate.cer */ = {isa = PBXFileReference; fileEncoding = 4; lastKnownFileType = text; path = certificate.cer; sourceTree = "<group>"; };
		1CED5F2B19AC85AA0023512F /* en */ = {isa = PBXFileReference; lastKnownFileType = text.plist.strings; name = en; path = InfoPlist.strings; sourceTree = "<group>"; };
		1CED5FCB19AC85AB0023512F /* SFIActivationViewController.h */ = {isa = PBXFileReference; fileEncoding = 4; lastKnownFileType = sourcecode.c.h; path = SFIActivationViewController.h; sourceTree = "<group>"; };
		1CED5FCC19AC85AB0023512F /* SFIActivationViewController.m */ = {isa = PBXFileReference; fileEncoding = 4; lastKnownFileType = sourcecode.c.objc; path = SFIActivationViewController.m; sourceTree = "<group>"; };
		1CED5FCD19AC85AB0023512F /* SFILoginViewController.h */ = {isa = PBXFileReference; fileEncoding = 4; lastKnownFileType = sourcecode.c.h; path = SFILoginViewController.h; sourceTree = "<group>"; };
		1CED5FCE19AC85AB0023512F /* SFILoginViewController.m */ = {isa = PBXFileReference; fileEncoding = 4; lastKnownFileType = sourcecode.c.objc; path = SFILoginViewController.m; sourceTree = "<group>"; };
		1CED5FCF19AC85AB0023512F /* SFILogoutAllViewController.h */ = {isa = PBXFileReference; fileEncoding = 4; lastKnownFileType = sourcecode.c.h; path = SFILogoutAllViewController.h; sourceTree = "<group>"; };
		1CED5FD019AC85AB0023512F /* SFILogoutAllViewController.m */ = {isa = PBXFileReference; fileEncoding = 4; lastKnownFileType = sourcecode.c.objc; path = SFILogoutAllViewController.m; sourceTree = "<group>"; };
		1CED5FD219AC85AB0023512F /* NSString+ASBase64.h */ = {isa = PBXFileReference; fileEncoding = 4; lastKnownFileType = sourcecode.c.h; path = "NSString+ASBase64.h"; sourceTree = "<group>"; };
		1CED5FD319AC85AB0023512F /* NSString+ASBase64.m */ = {isa = PBXFileReference; fileEncoding = 4; lastKnownFileType = sourcecode.c.objc; path = "NSString+ASBase64.m"; sourceTree = "<group>"; };
		1CED5FE019AC85AB0023512F /* SFISensorDetailView.h */ = {isa = PBXFileReference; fileEncoding = 4; lastKnownFileType = sourcecode.c.h; path = SFISensorDetailView.h; sourceTree = "<group>"; };
		1CED5FE119AC85AB0023512F /* SFISensorDetailView.m */ = {isa = PBXFileReference; fileEncoding = 4; lastKnownFileType = sourcecode.c.objc; path = SFISensorDetailView.m; sourceTree = "<group>"; };
		1CED5FE219AC85AB0023512F /* SFISensorsViewController.h */ = {isa = PBXFileReference; fileEncoding = 4; lastKnownFileType = sourcecode.c.h; path = SFISensorsViewController.h; sourceTree = "<group>"; };
		1CED5FE319AC85AB0023512F /* SFISensorsViewController.m */ = {isa = PBXFileReference; fileEncoding = 4; lastKnownFileType = sourcecode.c.objc; path = SFISensorsViewController.m; sourceTree = "<group>"; };
		1CED5FE419AC85AB0023512F /* SFISensorTableViewCell.h */ = {isa = PBXFileReference; fileEncoding = 4; lastKnownFileType = sourcecode.c.h; path = SFISensorTableViewCell.h; sourceTree = "<group>"; };
		1CED5FE519AC85AB0023512F /* SFISensorTableViewCell.m */ = {isa = PBXFileReference; fileEncoding = 4; lastKnownFileType = sourcecode.c.objc; path = SFISensorTableViewCell.m; sourceTree = "<group>"; };
		1CED5FE719AC85AB0023512F /* SFISignupViewController.h */ = {isa = PBXFileReference; fileEncoding = 4; lastKnownFileType = sourcecode.c.h; path = SFISignupViewController.h; sourceTree = "<group>"; };
		1CED5FE819AC85AB0023512F /* SFISignupViewController.m */ = {isa = PBXFileReference; fileEncoding = 4; lastKnownFileType = sourcecode.c.objc; path = SFISignupViewController.m; sourceTree = "<group>"; };
		1CED5FE919AC85AB0023512F /* termsofuse.html */ = {isa = PBXFileReference; fileEncoding = 4; lastKnownFileType = text.html; path = termsofuse.html; sourceTree = "<group>"; };
		1CED5FEB19AC85AB0023512F /* DrawerViewController.h */ = {isa = PBXFileReference; fileEncoding = 4; lastKnownFileType = sourcecode.c.h; path = DrawerViewController.h; sourceTree = "<group>"; };
		1CED5FEC19AC85AB0023512F /* DrawerViewController.m */ = {isa = PBXFileReference; fileEncoding = 4; lastKnownFileType = sourcecode.c.objc; path = DrawerViewController.m; sourceTree = "<group>"; };
		1CED5FED19AC85AB0023512F /* scene1sensor.xml */ = {isa = PBXFileReference; fileEncoding = 4; lastKnownFileType = text.xml; path = scene1sensor.xml; sourceTree = "<group>"; };
		1CED5FEE19AC85AB0023512F /* scene2sensor.xml */ = {isa = PBXFileReference; fileEncoding = 4; lastKnownFileType = text.xml; path = scene2sensor.xml; sourceTree = "<group>"; };
		1CED5FEF19AC85AB0023512F /* scene3sensor.xml */ = {isa = PBXFileReference; fileEncoding = 4; lastKnownFileType = text.xml; path = scene3sensor.xml; sourceTree = "<group>"; };
		1CED5FF019AC85AB0023512F /* sensordata.xml */ = {isa = PBXFileReference; fileEncoding = 4; lastKnownFileType = text.xml; path = sensordata.xml; sourceTree = "<group>"; };
		1CED5FF319AC85AB0023512F /* SFICloudStatusBarButtonItem.h */ = {isa = PBXFileReference; fileEncoding = 4; lastKnownFileType = sourcecode.c.h; path = SFICloudStatusBarButtonItem.h; sourceTree = "<group>"; };
		1CED5FF419AC85AB0023512F /* SFICloudStatusBarButtonItem.m */ = {isa = PBXFileReference; fileEncoding = 4; lastKnownFileType = sourcecode.c.objc; path = SFICloudStatusBarButtonItem.m; sourceTree = "<group>"; };
		1CED5FF519AC85AB0023512F /* SFIColors.h */ = {isa = PBXFileReference; fileEncoding = 4; lastKnownFileType = sourcecode.c.h; path = SFIColors.h; sourceTree = "<group>"; };
		1CED5FF619AC85AB0023512F /* SFIColors.m */ = {isa = PBXFileReference; fileEncoding = 4; lastKnownFileType = sourcecode.c.objc; path = SFIColors.m; sourceTree = "<group>"; };
		1CED5FF719AC85AB0023512F /* SFIConstants.h */ = {isa = PBXFileReference; fileEncoding = 4; lastKnownFileType = sourcecode.c.h; path = SFIConstants.h; sourceTree = "<group>"; };
		1CED5FF819AC85AB0023512F /* SFIConstants.m */ = {isa = PBXFileReference; fileEncoding = 4; lastKnownFileType = sourcecode.c.objc; path = SFIConstants.m; sourceTree = "<group>"; };
		1CED5FF919AC85AB0023512F /* SFIHighlightedButton.h */ = {isa = PBXFileReference; fileEncoding = 4; lastKnownFileType = sourcecode.c.h; path = SFIHighlightedButton.h; sourceTree = "<group>"; };
		1CED5FFA19AC85AB0023512F /* SFIHighlightedButton.m */ = {isa = PBXFileReference; fileEncoding = 4; lastKnownFileType = sourcecode.c.objc; path = SFIHighlightedButton.m; sourceTree = "<group>"; };
		1CED5FFB19AC85AB0023512F /* SFIMainViewController.h */ = {isa = PBXFileReference; fileEncoding = 4; lastKnownFileType = sourcecode.c.h; path = SFIMainViewController.h; sourceTree = "<group>"; };
		1CED5FFC19AC85AB0023512F /* SFIMainViewController.m */ = {isa = PBXFileReference; fileEncoding = 4; lastKnownFileType = sourcecode.c.objc; path = SFIMainViewController.m; sourceTree = "<group>"; };
		1CED600319AC85AB0023512F /* SFISensor.h */ = {isa = PBXFileReference; fileEncoding = 4; lastKnownFileType = sourcecode.c.h; path = SFISensor.h; sourceTree = "<group>"; };
		1CED600419AC85AB0023512F /* SFISensor.m */ = {isa = PBXFileReference; fileEncoding = 4; lastKnownFileType = sourcecode.c.objc; path = SFISensor.m; sourceTree = "<group>"; };
		1CED600519AC85AB0023512F /* SFISlider.h */ = {isa = PBXFileReference; fileEncoding = 4; lastKnownFileType = sourcecode.c.h; path = SFISlider.h; sourceTree = "<group>"; };
		1CED600619AC85AB0023512F /* SFISlider.m */ = {isa = PBXFileReference; fileEncoding = 4; lastKnownFileType = sourcecode.c.objc; path = SFISlider.m; sourceTree = "<group>"; };
		1CED600819AC85AB0023512F /* SNLog.h */ = {isa = PBXFileReference; fileEncoding = 4; lastKnownFileType = sourcecode.c.h; path = SNLog.h; sourceTree = "<group>"; };
		1CED600919AC85AB0023512F /* SNLog.m */ = {isa = PBXFileReference; fileEncoding = 4; lastKnownFileType = sourcecode.c.objc; path = SNLog.m; sourceTree = "<group>"; };
		1CEE69461A37EDEE008D8567 /* termsofuse.html */ = {isa = PBXFileReference; fileEncoding = 4; lastKnownFileType = text.html; path = termsofuse.html; sourceTree = "<group>"; };
		1CEE69481A37F3A0008D8567 /* HomeScreenAppDelegate.h */ = {isa = PBXFileReference; fileEncoding = 4; lastKnownFileType = sourcecode.c.h; path = HomeScreenAppDelegate.h; sourceTree = "<group>"; };
		1CEE69491A37F3A0008D8567 /* HomeScreenAppDelegate.m */ = {isa = PBXFileReference; fileEncoding = 4; lastKnownFileType = sourcecode.c.objc; path = HomeScreenAppDelegate.m; sourceTree = "<group>"; };
		1CEE694B1A37F5F6008D8567 /* libSecurifiToolkit.a */ = {isa = PBXFileReference; lastKnownFileType = archive.ar; name = libSecurifiToolkit.a; path = "../iostoolkit/build/Debug-iphoneos/libSecurifiToolkit.a"; sourceTree = "<group>"; };
		1CEE698A1A3AB25F008D8567 /* Common-Images.xcassets */ = {isa = PBXFileReference; lastKnownFileType = folder.assetcatalog; path = "Common-Images.xcassets"; sourceTree = "<group>"; };
		1DF030330F6AE92A78853907 /* UIViewController+Securifi.m */ = {isa = PBXFileReference; fileEncoding = 4; lastKnownFileType = sourcecode.c.objc; name = "UIViewController+Securifi.m"; path = "UICategories/UIViewController+Securifi.m"; sourceTree = "<group>"; };
		1DF0308F5C652469AADD767E /* ScoreboardEventViewController.h */ = {isa = PBXFileReference; fileEncoding = 4; lastKnownFileType = sourcecode.c.h; path = ScoreboardEventViewController.h; sourceTree = "<group>"; };
		1DF0319B1FB51685ABC16993 /* UIView+Borders.m */ = {isa = PBXFileReference; fileEncoding = 4; lastKnownFileType = sourcecode.c.objc; name = "UIView+Borders.m"; path = "UICategories/UIView+Borders.m"; sourceTree = "<group>"; };
		1DF0328605BF52BF6356FF8A /* HomeScreen-Prefix.pch */ = {isa = PBXFileReference; fileEncoding = 4; lastKnownFileType = sourcecode.c.h; path = "HomeScreen-Prefix.pch"; sourceTree = "<group>"; };
		1DF036CAA0B00DB83B575CB0 /* UIViewController+Securifi.h */ = {isa = PBXFileReference; fileEncoding = 4; lastKnownFileType = sourcecode.c.h; name = "UIViewController+Securifi.h"; path = "UICategories/UIViewController+Securifi.h"; sourceTree = "<group>"; };
		1DF037A2AE0152095459F611 /* SFIRouterTableViewActions.h */ = {isa = PBXFileReference; fileEncoding = 4; lastKnownFileType = sourcecode.c.h; path = SFIRouterTableViewActions.h; sourceTree = "<group>"; };
		1DF039380EA4E700AEFBFF79 /* en */ = {isa = PBXFileReference; fileEncoding = 4; lastKnownFileType = text.plist.strings; name = en; path = Localizable.strings; sourceTree = "<group>"; };
		1DF03A74219C9A2A23078623 /* SFICopyLabel.m */ = {isa = PBXFileReference; fileEncoding = 4; lastKnownFileType = sourcecode.c.objc; path = SFICopyLabel.m; sourceTree = "<group>"; };
		1DF03A79B522F8092C9C6F1E /* ScoreboardEventViewController.m */ = {isa = PBXFileReference; fileEncoding = 4; lastKnownFileType = sourcecode.c.objc; path = ScoreboardEventViewController.m; sourceTree = "<group>"; };
		1DF03AA68A4DE6C8C371E84F /* UIView+Borders.h */ = {isa = PBXFileReference; fileEncoding = 4; lastKnownFileType = sourcecode.c.h; name = "UIView+Borders.h"; path = "UICategories/UIView+Borders.h"; sourceTree = "<group>"; };
		1DF03D6EACE27C6B6CF1DDD9 /* SFICopyLabel.h */ = {isa = PBXFileReference; fileEncoding = 4; lastKnownFileType = sourcecode.c.h; path = SFICopyLabel.h; sourceTree = "<group>"; };
		C6A3307CA8D0945BEFE53A18 /* Pods.release.xcconfig */ = {isa = PBXFileReference; includeInIndex = 1; lastKnownFileType = text.xcconfig; name = Pods.release.xcconfig; path = "Pods/Target Support Files/Pods/Pods.release.xcconfig"; sourceTree = "<group>"; };
		C7BE6C0BC2A24D858015ECCD /* libPods.a */ = {isa = PBXFileReference; explicitFileType = archive.ar; includeInIndex = 0; path = libPods.a; sourceTree = BUILT_PRODUCTS_DIR; };
		CE458D6519EF98EA00689251 /* UIFont+Securifi.h */ = {isa = PBXFileReference; fileEncoding = 4; lastKnownFileType = sourcecode.c.h; name = "UIFont+Securifi.h"; path = "UICategories/UIFont+Securifi.h"; sourceTree = "<group>"; };
		CE458D6619EF98EA00689251 /* UIFont+Securifi.m */ = {isa = PBXFileReference; fileEncoding = 4; lastKnownFileType = sourcecode.c.objc; name = "UIFont+Securifi.m"; path = "UICategories/UIFont+Securifi.m"; sourceTree = "<group>"; };
		CE91314D19C6B14100D94876 /* SFIAccountsTableViewController.h */ = {isa = PBXFileReference; fileEncoding = 4; lastKnownFileType = sourcecode.c.h; name = SFIAccountsTableViewController.h; path = Settings/SFIAccountsTableViewController.h; sourceTree = "<group>"; };
		CE91314E19C6B14100D94876 /* SFIAccountsTableViewController.m */ = {isa = PBXFileReference; fileEncoding = 4; lastKnownFileType = sourcecode.c.objc; name = SFIAccountsTableViewController.m; path = Settings/SFIAccountsTableViewController.m; sourceTree = "<group>"; };
		CE91315E19C7068C00D94876 /* SFIUserProfile.h */ = {isa = PBXFileReference; fileEncoding = 4; lastKnownFileType = sourcecode.c.h; name = SFIUserProfile.h; path = Settings/SFIUserProfile.h; sourceTree = "<group>"; };
		CE91315F19C7068C00D94876 /* SFIUserProfile.m */ = {isa = PBXFileReference; fileEncoding = 4; lastKnownFileType = sourcecode.c.objc; name = SFIUserProfile.m; path = Settings/SFIUserProfile.m; sourceTree = "<group>"; };
		CE91316819C95AE600D94876 /* SFIPasswordChangeViewController.h */ = {isa = PBXFileReference; fileEncoding = 4; lastKnownFileType = sourcecode.c.h; name = SFIPasswordChangeViewController.h; path = Settings/SFIPasswordChangeViewController.h; sourceTree = "<group>"; };
		CE91316919C95AE600D94876 /* SFIPasswordChangeViewController.m */ = {isa = PBXFileReference; fileEncoding = 4; lastKnownFileType = sourcecode.c.objc; name = SFIPasswordChangeViewController.m; path = Settings/SFIPasswordChangeViewController.m; sourceTree = "<group>"; };
		CEA349C51A33374100AFC379 /* Base */ = {isa = PBXFileReference; lastKnownFileType = file.storyboard; name = Base; path = Base.lproj/AccountsStoryboard_iPhone.storyboard; sourceTree = "<group>"; };
		CEA349C61A33374100AFC379 /* Base */ = {isa = PBXFileReference; lastKnownFileType = file.storyboard; name = Base; path = Base.lproj/MainStoryboard_iPad.storyboard; sourceTree = "<group>"; };
		CEA349C71A33374100AFC379 /* Base */ = {isa = PBXFileReference; lastKnownFileType = file.storyboard; name = Base; path = Base.lproj/MainStoryboard_iPhone.storyboard; sourceTree = "<group>"; };
		CEA349CA1A33378100AFC379 /* en */ = {isa = PBXFileReference; lastKnownFileType = text.plist.strings; name = en; path = en.lproj/AccountsStoryboard_iPhone.strings; sourceTree = "<group>"; };
		CEA349CC1A3337B400AFC379 /* en */ = {isa = PBXFileReference; lastKnownFileType = text.plist.strings; name = en; path = en.lproj/MainStoryboard_iPad.strings; sourceTree = "<group>"; };
		CEA349CE1A3337BD00AFC379 /* en */ = {isa = PBXFileReference; lastKnownFileType = text.plist.strings; name = en; path = en.lproj/MainStoryboard_iPhone.strings; sourceTree = "<group>"; };
/* End PBXFileReference section */

/* Begin PBXFrameworksBuildPhase section */
		1C2056031A2EBBBA00975495 /* Frameworks */ = {
			isa = PBXFrameworksBuildPhase;
			buildActionMask = 2147483647;
			files = (
				1CEE69551A37F65D008D8567 /* Foundation.framework in Frameworks */,
				1CEE69541A37F656008D8567 /* UIKit.framework in Frameworks */,
				1CEE69531A37F64D008D8567 /* CoreGraphics.framework in Frameworks */,
				1CEE69521A37F645008D8567 /* Security.framework in Frameworks */,
				1CEE69511A37F63E008D8567 /* SystemConfiguration.framework in Frameworks */,
				1CEE69501A37F635008D8567 /* CFNetwork.framework in Frameworks */,
				1CEE694F1A37F62D008D8567 /* libz.dylib in Frameworks */,
				1CEE694E1A37F625008D8567 /* libxml2.dylib in Frameworks */,
				1CEE694D1A37F61A008D8567 /* QuartzCore.framework in Frameworks */,
				1CEE694C1A37F5F6008D8567 /* libSecurifiToolkit.a in Frameworks */,
				7CB5434B38D653A029281FD1 /* libPods.a in Frameworks */,
			);
			runOnlyForDeploymentPostprocessing = 0;
		};
		1CED5EEE19AC82FD0023512F /* Frameworks */ = {
			isa = PBXFrameworksBuildPhase;
			buildActionMask = 2147483647;
			files = (
				1C33E94F19C025DB0014725A /* QuartzCore.framework in Frameworks */,
				1C7581F619AD84AF0074C601 /* libSecurifiToolkit.a in Frameworks */,
				1C75815C19AC86C20074C601 /* libxml2.dylib in Frameworks */,
				1C75815A19AC86BB0074C601 /* libz.dylib in Frameworks */,
				1C75815819AC86A80074C601 /* CFNetwork.framework in Frameworks */,
				1C75815619AC86A10074C601 /* SystemConfiguration.framework in Frameworks */,
				1C75815419AC86940074C601 /* Security.framework in Frameworks */,
				1CED5EF719AC82FD0023512F /* CoreGraphics.framework in Frameworks */,
				1CED5EF919AC82FD0023512F /* UIKit.framework in Frameworks */,
				1CED5EF519AC82FD0023512F /* Foundation.framework in Frameworks */,
				D68A83C0FF154EB48DA37E09 /* libPods.a in Frameworks */,
			);
			runOnlyForDeploymentPostprocessing = 0;
		};
/* End PBXFrameworksBuildPhase section */

/* Begin PBXGroup section */
		1C0C99101A1B5DD100148010 /* Notifications */ = {
			isa = PBXGroup;
			children = (
				1C0C99111A1B5DD100148010 /* SFINotificationsViewController.h */,
				1C0C99121A1B5DD100148010 /* SFINotificationsViewController.m */,
				1C0C99141A1C37D500148010 /* SFINotificationTableViewCell.h */,
				1C0C99151A1C37D500148010 /* SFINotificationTableViewCell.m */,
			);
			path = Notifications;
			sourceTree = "<group>";
		};
		1C2056071A2EBBBB00975495 /* HomeScreen */ = {
			isa = PBXGroup;
			children = (
				1CEE69461A37EDEE008D8567 /* termsofuse.html */,
				1C2056181A2EBBBB00975495 /* HomeScreen-Images.xcassets */,
				1C2056081A2EBBBB00975495 /* Supporting Files */,
				1CEE69481A37F3A0008D8567 /* HomeScreenAppDelegate.h */,
				1CEE69491A37F3A0008D8567 /* HomeScreenAppDelegate.m */,
			);
			path = HomeScreen;
			sourceTree = "<group>";
		};
		1C2056081A2EBBBB00975495 /* Supporting Files */ = {
			isa = PBXGroup;
			children = (
				1C2056091A2EBBBB00975495 /* Info.plist */,
				1C20560A1A2EBBBB00975495 /* main.m */,
				1DF0328605BF52BF6356FF8A /* HomeScreen-Prefix.pch */,
			);
			name = "Supporting Files";
			sourceTree = "<group>";
		};
		1C75818A19AD7BD00074C601 /* Legacy */ = {
			isa = PBXGroup;
			children = (
				1C75818B19AD7BD00074C601 /* SFIAffiliationViewController.h */,
				1C75818C19AD7BD00074C601 /* SFIAffiliationViewController.m */,
				1C75818D19AD7BD00074C601 /* SFIBlockedContent.h */,
				1C75818E19AD7BD00074C601 /* SFIBlockedContent.m */,
				1C75819119AD7BD00074C601 /* SFIBlockedDevice.h */,
				1C75819219AD7BD00074C601 /* SFIBlockedDevice.m */,
				1C75819319AD7BD00074C601 /* SFIConnectedDevice.h */,
				1C75819419AD7BD00074C601 /* SFIConnectedDevice.m */,
				1C75819919AD7BD00074C601 /* SFIDevicesList.h */,
				1C75819A19AD7BD00074C601 /* SFIDevicesList.m */,
				1C75819F19AD7BD00074C601 /* SFIGenericRouterCommand.h */,
				1C7581A019AD7BD00074C601 /* SFIGenericRouterCommand.m */,
			);
			path = Legacy;
			sourceTree = "<group>";
		};
		1C7581BC19AD7F190074C601 /* Router */ = {
			isa = PBXGroup;
			children = (
				1C7581D619AD7FDA0074C601 /* SFIRouterReboot.h */,
				1C7581D719AD7FDA0074C601 /* SFIRouterReboot.m */,
				1C7581C319AD7F190074C601 /* SFIRouterTableViewController.h */,
				1C7581C419AD7F190074C601 /* SFIRouterTableViewController.m */,
				1C4E6FC91A108F5600276EC4 /* SFIRouterSettingsTableViewCell.h */,
				1C4E6FCA1A108F5600276EC4 /* SFIRouterSettingsTableViewCell.m */,
				1C4E6FCC1A11B37800276EC4 /* SFIRouterDevicesTableViewCell.h */,
				1C4E6FCD1A11B37800276EC4 /* SFIRouterDevicesTableViewCell.m */,
				1C4E6FCF1A11B62900276EC4 /* SFIRouterRebootTableViewCell.h */,
				1C4E6FD01A11B62900276EC4 /* SFIRouterRebootTableViewCell.m */,
				1DF037A2AE0152095459F611 /* SFIRouterTableViewActions.h */,
			);
			path = Router;
			sourceTree = "<group>";
		};
		1CED5EE819AC82FD0023512F = {
			isa = PBXGroup;
			children = (
				1CED5EFA19AC82FD0023512F /* Almond */,
				1C2056071A2EBBBB00975495 /* HomeScreen */,
				1CED5EF319AC82FD0023512F /* Frameworks */,
				1CED5EF219AC82FD0023512F /* Products */,
				D80BDC9A1350F01973273EA6 /* Pods */,
			);
			sourceTree = "<group>";
		};
		1CED5EF219AC82FD0023512F /* Products */ = {
			isa = PBXGroup;
			children = (
				1CED5EF119AC82FD0023512F /* Almond.app */,
				1C2056061A2EBBBA00975495 /* HomeScreen.app */,
			);
			name = Products;
			sourceTree = "<group>";
		};
		1CED5EF319AC82FD0023512F /* Frameworks */ = {
			isa = PBXGroup;
			children = (
				1CEE694B1A37F5F6008D8567 /* libSecurifiToolkit.a */,
				1C33E94E19C025DB0014725A /* QuartzCore.framework */,
				1C7581F519AD84AF0074C601 /* libSecurifiToolkit.a */,
				1C75815B19AC86C20074C601 /* libxml2.dylib */,
				1C75815919AC86BB0074C601 /* libz.dylib */,
				1C75815719AC86A80074C601 /* CFNetwork.framework */,
				1C75815519AC86A10074C601 /* SystemConfiguration.framework */,
				1C75815319AC86940074C601 /* Security.framework */,
				1CED5EF419AC82FD0023512F /* Foundation.framework */,
				1CED5EF619AC82FD0023512F /* CoreGraphics.framework */,
				1CED5EF819AC82FD0023512F /* UIKit.framework */,
				1CED5F0D19AC82FD0023512F /* XCTest.framework */,
				C7BE6C0BC2A24D858015ECCD /* libPods.a */,
			);
			name = Frameworks;
			sourceTree = "<group>";
		};
		1CED5EFA19AC82FD0023512F /* Almond */ = {
			isa = PBXGroup;
			children = (
				1C58C2281A3039D300C3C5A2 /* Almond-Images.xcassets */,
				1CEE698A1A3AB25F008D8567 /* Common-Images.xcassets */,
				1C0C99101A1B5DD100148010 /* Notifications */,
				CE458D6419EF98A700689251 /* UICategories */,
				CE91314A19C02F6300D94876 /* Accounts */,
				1C7581BC19AD7F190074C601 /* Router */,
				1C75818A19AD7BD00074C601 /* Legacy */,
				1CED5F2419AC85AA0023512F /* AlmondPlusConstants.h */,
				1CED5F2519AC85AA0023512F /* certs */,
				1CED5F2919AC85AA0023512F /* en.lproj */,
				1CED5FCA19AC85AB0023512F /* Login */,
				1CED5FD119AC85AB0023512F /* NSString+ASBase64 */,
				1CED5FDF19AC85AB0023512F /* Sensor */,
				1CED5FE619AC85AB0023512F /* Signup */,
				1CED5FE919AC85AB0023512F /* termsofuse.html */,
				1CED5FEA19AC85AB0023512F /* UI */,
				1CED600719AC85AB0023512F /* Util */,
				1CED5F0319AC82FD0023512F /* SFIAppDelegate.h */,
				1CED5F0419AC82FD0023512F /* SFIAppDelegate.m */,
				1CED5EFB19AC82FD0023512F /* Supporting Files */,
				1DF035F4D64D8394ADBFF721 /* Scoreboard */,
			);
			path = Almond;
			sourceTree = "<group>";
		};
		1CED5EFB19AC82FD0023512F /* Supporting Files */ = {
			isa = PBXGroup;
			children = (
				1CED5EFC19AC82FD0023512F /* Almond-Info.plist */,
				1CED5EFD19AC82FD0023512F /* InfoPlist.strings */,
				1CED5F0019AC82FD0023512F /* main.m */,
				1CED5F0219AC82FD0023512F /* Almond-Prefix.pch */,
			);
			name = "Supporting Files";
			sourceTree = "<group>";
		};
		1CED5F2519AC85AA0023512F /* certs */ = {
			isa = PBXGroup;
			children = (
				1CED5F2619AC85AA0023512F /* cert.cer */,
				1CED5F2719AC85AA0023512F /* cert.der */,
				1CED5F2819AC85AA0023512F /* certificate.cer */,
			);
			path = certs;
			sourceTree = "<group>";
		};
		1CED5F2919AC85AA0023512F /* en.lproj */ = {
			isa = PBXGroup;
			children = (
				CEA349BD1A33348700AFC379 /* AccountsStoryboard_iPhone.storyboard */,
				1CED5F2A19AC85AA0023512F /* InfoPlist.strings */,
				1CED5F2C19AC85AA0023512F /* MainStoryboard_iPad.storyboard */,
				1CED5F2E19AC85AA0023512F /* MainStoryboard_iPhone.storyboard */,
				1DF037D458FF6476B3446571 /* Localizable.strings */,
			);
			path = en.lproj;
			sourceTree = "<group>";
		};
		1CED5FCA19AC85AB0023512F /* Login */ = {
			isa = PBXGroup;
			children = (
				1CED5FCB19AC85AB0023512F /* SFIActivationViewController.h */,
				1CED5FCC19AC85AB0023512F /* SFIActivationViewController.m */,
				1CED5FCD19AC85AB0023512F /* SFILoginViewController.h */,
				1CED5FCE19AC85AB0023512F /* SFILoginViewController.m */,
				1CED5FCF19AC85AB0023512F /* SFILogoutAllViewController.h */,
				1CED5FD019AC85AB0023512F /* SFILogoutAllViewController.m */,
			);
			path = Login;
			sourceTree = "<group>";
		};
		1CED5FD119AC85AB0023512F /* NSString+ASBase64 */ = {
			isa = PBXGroup;
			children = (
				1CED5FD219AC85AB0023512F /* NSString+ASBase64.h */,
				1CED5FD319AC85AB0023512F /* NSString+ASBase64.m */,
			);
			path = "NSString+ASBase64";
			sourceTree = "<group>";
		};
		1CED5FDF19AC85AB0023512F /* Sensor */ = {
			isa = PBXGroup;
			children = (
				1CED5FE019AC85AB0023512F /* SFISensorDetailView.h */,
				1CED5FE119AC85AB0023512F /* SFISensorDetailView.m */,
				1CED5FE219AC85AB0023512F /* SFISensorsViewController.h */,
				1CED5FE319AC85AB0023512F /* SFISensorsViewController.m */,
				1CED5FE419AC85AB0023512F /* SFISensorTableViewCell.h */,
				1CED5FE519AC85AB0023512F /* SFISensorTableViewCell.m */,
			);
			path = Sensor;
			sourceTree = "<group>";
		};
		1CED5FE619AC85AB0023512F /* Signup */ = {
			isa = PBXGroup;
			children = (
				1CED5FE719AC85AB0023512F /* SFISignupViewController.h */,
				1CED5FE819AC85AB0023512F /* SFISignupViewController.m */,
			);
			path = Signup;
			sourceTree = "<group>";
		};
		1CED5FEA19AC85AB0023512F /* UI */ = {
			isa = PBXGroup;
			children = (
				1C7581D019AD7FB00074C601 /* SFIParser.h */,
				1C7581D119AD7FB00074C601 /* SFIParser.m */,
				1CED5FEB19AC85AB0023512F /* DrawerViewController.h */,
				1CED5FEC19AC85AB0023512F /* DrawerViewController.m */,
				1CED5FED19AC85AB0023512F /* scene1sensor.xml */,
				1CED5FEE19AC85AB0023512F /* scene2sensor.xml */,
				1CED5FEF19AC85AB0023512F /* scene3sensor.xml */,
				1CED5FF019AC85AB0023512F /* sensordata.xml */,
				1CED5FF319AC85AB0023512F /* SFICloudStatusBarButtonItem.h */,
				1CED5FF419AC85AB0023512F /* SFICloudStatusBarButtonItem.m */,
				1CED5FF519AC85AB0023512F /* SFIColors.h */,
				1CED5FF619AC85AB0023512F /* SFIColors.m */,
				1CED5FF719AC85AB0023512F /* SFIConstants.h */,
				1CED5FF819AC85AB0023512F /* SFIConstants.m */,
				1CED5FF919AC85AB0023512F /* SFIHighlightedButton.h */,
				1CED5FFA19AC85AB0023512F /* SFIHighlightedButton.m */,
				1CED5FFB19AC85AB0023512F /* SFIMainViewController.h */,
				1CED5FFC19AC85AB0023512F /* SFIMainViewController.m */,
				1CED600319AC85AB0023512F /* SFISensor.h */,
				1CED600419AC85AB0023512F /* SFISensor.m */,
				1CED600519AC85AB0023512F /* SFISlider.h */,
				1CED600619AC85AB0023512F /* SFISlider.m */,
				1C75821119B054660074C601 /* SFITableViewController.h */,
				1C75821219B054660074C601 /* SFITableViewController.m */,
				1DF03A74219C9A2A23078623 /* SFICopyLabel.m */,
				1DF03D6EACE27C6B6CF1DDD9 /* SFICopyLabel.h */,
				1CEB0B481A09C13C007D31A9 /* SFICardView.h */,
				1CEB0B491A09C13C007D31A9 /* SFICardView.m */,
				1C988E351A09FB1E0070C276 /* SFICardTableViewCell.h */,
				1C988E361A09FB1E0070C276 /* SFICardTableViewCell.m */,
			);
			path = UI;
			sourceTree = "<group>";
		};
		1CED600719AC85AB0023512F /* Util */ = {
			isa = PBXGroup;
			children = (
				1CED600819AC85AB0023512F /* SNLog.h */,
				1CED600919AC85AB0023512F /* SNLog.m */,
			);
			path = Util;
			sourceTree = "<group>";
		};
		1DF035F4D64D8394ADBFF721 /* Scoreboard */ = {
			isa = PBXGroup;
			children = (
				1C75820E19B036C70074C601 /* ScoreboardViewController.h */,
				1C75820F19B036C70074C601 /* ScoreboardViewController.m */,
				1C75821419B05BAC0074C601 /* Analytics.h */,
				1C75821519B05BAC0074C601 /* Analytics.m */,
				1DF0308F5C652469AADD767E /* ScoreboardEventViewController.h */,
				1DF03A79B522F8092C9C6F1E /* ScoreboardEventViewController.m */,
			);
			path = Scoreboard;
			sourceTree = "<group>";
		};
		CE458D6419EF98A700689251 /* UICategories */ = {
			isa = PBXGroup;
			children = (
				CE458D6519EF98EA00689251 /* UIFont+Securifi.h */,
				CE458D6619EF98EA00689251 /* UIFont+Securifi.m */,
				1DF03AA68A4DE6C8C371E84F /* UIView+Borders.h */,
				1DF0319B1FB51685ABC16993 /* UIView+Borders.m */,
				1DF036CAA0B00DB83B575CB0 /* UIViewController+Securifi.h */,
				1DF030330F6AE92A78853907 /* UIViewController+Securifi.m */,
			);
			name = UICategories;
			sourceTree = "<group>";
		};
		CE91314A19C02F6300D94876 /* Accounts */ = {
			isa = PBXGroup;
			children = (
				CE91314D19C6B14100D94876 /* SFIAccountsTableViewController.h */,
				CE91314E19C6B14100D94876 /* SFIAccountsTableViewController.m */,
				CE91315E19C7068C00D94876 /* SFIUserProfile.h */,
				CE91315F19C7068C00D94876 /* SFIUserProfile.m */,
				CE91316819C95AE600D94876 /* SFIPasswordChangeViewController.h */,
				CE91316919C95AE600D94876 /* SFIPasswordChangeViewController.m */,
			);
			name = Accounts;
			sourceTree = "<group>";
		};
		D80BDC9A1350F01973273EA6 /* Pods */ = {
			isa = PBXGroup;
			children = (
				04DD44299464F3B8199632FD /* Pods.debug.xcconfig */,
				C6A3307CA8D0945BEFE53A18 /* Pods.release.xcconfig */,
			);
			name = Pods;
			sourceTree = "<group>";
		};
/* End PBXGroup section */

/* Begin PBXNativeTarget section */
		1C2056051A2EBBBA00975495 /* HomeScreen */ = {
			isa = PBXNativeTarget;
			buildConfigurationList = 1C2056291A2EBBBB00975495 /* Build configuration list for PBXNativeTarget "HomeScreen" */;
			buildPhases = (
				E54E6289FCE8D864A9BA2376 /* Check Pods Manifest.lock */,
				1C2056021A2EBBBA00975495 /* Sources */,
				1C2056031A2EBBBA00975495 /* Frameworks */,
				1C2056041A2EBBBA00975495 /* Resources */,
				F71F651A107BD6ECE0D2E1F1 /* Copy Pods Resources */,
			);
			buildRules = (
			);
			dependencies = (
			);
			name = HomeScreen;
			productName = HomeScreen;
			productReference = 1C2056061A2EBBBA00975495 /* HomeScreen.app */;
			productType = "com.apple.product-type.application";
		};
		1CED5EF019AC82FD0023512F /* Almond */ = {
			isa = PBXNativeTarget;
			buildConfigurationList = 1CED5F1D19AC82FE0023512F /* Build configuration list for PBXNativeTarget "Almond" */;
			buildPhases = (
				9489006BB9F040F7844D1680 /* Check Pods Manifest.lock */,
				1CED5EED19AC82FD0023512F /* Sources */,
				1CED5EEE19AC82FD0023512F /* Frameworks */,
				1CED5EEF19AC82FD0023512F /* Resources */,
				A57FF121BE5141E6BB0DE8CA /* Copy Pods Resources */,
				1C71357819C8032F00A952D9 /* Crashlytics Run */,
				1CFE442419F79D050065475C /* Incremeent Version Number */,
			);
			buildRules = (
			);
			dependencies = (
			);
			name = Almond;
			productName = Almond;
			productReference = 1CED5EF119AC82FD0023512F /* Almond.app */;
			productType = "com.apple.product-type.application";
		};
/* End PBXNativeTarget section */

/* Begin PBXProject section */
		1CED5EE919AC82FD0023512F /* Project object */ = {
			isa = PBXProject;
			attributes = {
				CLASSPREFIX = SFI;
				LastUpgradeCheck = 0610;
				ORGANIZATIONNAME = "Securifi Ltd";
				TargetAttributes = {
					1C2056051A2EBBBA00975495 = {
						CreatedOnToolsVersion = 6.1.1;
						DevelopmentTeam = R336EY8885;
					};
					1CED5EF019AC82FD0023512F = {
						DevelopmentTeam = R336EY8885;
						SystemCapabilities = {
							com.apple.DataProtection = {
								enabled = 0;
							};
							com.apple.GameCenter = {
								enabled = 0;
							};
							com.apple.InAppPurchase = {
								enabled = 0;
							};
						};
					};
				};
			};
			buildConfigurationList = 1CED5EEC19AC82FD0023512F /* Build configuration list for PBXProject "Almond" */;
			compatibilityVersion = "Xcode 3.2";
			developmentRegion = English;
			hasScannedForEncodings = 0;
			knownRegions = (
				en,
				Base,
			);
			mainGroup = 1CED5EE819AC82FD0023512F;
			productRefGroup = 1CED5EF219AC82FD0023512F /* Products */;
			projectDirPath = "";
			projectRoot = "";
			targets = (
				1CED5EF019AC82FD0023512F /* Almond */,
				1C2056051A2EBBBA00975495 /* HomeScreen */,
			);
		};
/* End PBXProject section */

/* Begin PBXResourcesBuildPhase section */
		1C2056041A2EBBBA00975495 /* Resources */ = {
			isa = PBXResourcesBuildPhase;
			buildActionMask = 2147483647;
			files = (
				1CEE69581A37F7CB008D8567 /* AccountsStoryboard_iPhone.storyboard in Resources */,
				1CEE69591A37F7CB008D8567 /* MainStoryboard_iPad.storyboard in Resources */,
				1CEE695A1A37F7CB008D8567 /* MainStoryboard_iPhone.storyboard in Resources */,
				1CEE695B1A37F7CB008D8567 /* Localizable.strings in Resources */,
				1C2056191A2EBBBB00975495 /* HomeScreen-Images.xcassets in Resources */,
				1CEE69471A37EDEE008D8567 /* termsofuse.html in Resources */,
				1CEE698C1A3AB25F008D8567 /* Common-Images.xcassets in Resources */,
				1CEE69571A37F73E008D8567 /* cert.der in Resources */,
			);
			runOnlyForDeploymentPostprocessing = 0;
		};
		1CED5EEF19AC82FD0023512F /* Resources */ = {
			isa = PBXResourcesBuildPhase;
			buildActionMask = 2147483647;
			files = (
				CEA349BB1A33348700AFC379 /* AccountsStoryboard_iPhone.storyboard in Resources */,
				1CED602D19AC85AB0023512F /* MainStoryboard_iPhone.storyboard in Resources */,
				1CED602C19AC85AB0023512F /* MainStoryboard_iPad.storyboard in Resources */,
				1DF03C1246271DE936211238 /* Localizable.strings in Resources */,
				1CED60C419AC85AB0023512F /* termsofuse.html in Resources */,
				1CED602919AC85AB0023512F /* cert.der in Resources */,
				1CEE698B1A3AB25F008D8567 /* Common-Images.xcassets in Resources */,
				1C58C2291A3039D300C3C5A2 /* Almond-Images.xcassets in Resources */,
			);
			runOnlyForDeploymentPostprocessing = 0;
		};
/* End PBXResourcesBuildPhase section */

/* Begin PBXShellScriptBuildPhase section */
		1C71357819C8032F00A952D9 /* Crashlytics Run */ = {
			isa = PBXShellScriptBuildPhase;
			buildActionMask = 2147483647;
			files = (
			);
			inputPaths = (
				"",
			);
			name = "Crashlytics Run";
			outputPaths = (
			);
			runOnlyForDeploymentPostprocessing = 0;
			shellPath = /bin/sh;
			shellScript = "${SRCROOT}/Pods/CrashlyticsFramework/Crashlytics.framework/run d68e94e89ffba7d497c7d8a49f2a58f45877e7c3 9116d9e76370d5154529ca44d4de0ae6db6d84c634a4267a7abcd023299faf18";
		};
		1CFE442419F79D050065475C /* Incremeent Version Number */ = {
			isa = PBXShellScriptBuildPhase;
			buildActionMask = 2147483647;
			files = (
			);
			inputPaths = (
			);
			name = "Incremeent Version Number";
			outputPaths = (
			);
			runOnlyForDeploymentPostprocessing = 0;
			shellPath = /bin/sh;
			shellScript = "buildNumber=$(/usr/libexec/PlistBuddy -c \"Print CFBundleVersion\" \"${PROJECT_DIR}/${INFOPLIST_FILE}\")\nbuildNumber=$(($buildNumber + 1))\n/usr/libexec/PlistBuddy -c \"Set :CFBundleVersion $buildNumber\" \"${PROJECT_DIR}/${INFOPLIST_FILE}\"";
		};
		9489006BB9F040F7844D1680 /* Check Pods Manifest.lock */ = {
			isa = PBXShellScriptBuildPhase;
			buildActionMask = 2147483647;
			files = (
			);
			inputPaths = (
			);
			name = "Check Pods Manifest.lock";
			outputPaths = (
			);
			runOnlyForDeploymentPostprocessing = 0;
			shellPath = /bin/sh;
			shellScript = "diff \"${PODS_ROOT}/../Podfile.lock\" \"${PODS_ROOT}/Manifest.lock\" > /dev/null\nif [[ $? != 0 ]] ; then\n    cat << EOM\nerror: The sandbox is not in sync with the Podfile.lock. Run 'pod install' or update your CocoaPods installation.\nEOM\n    exit 1\nfi\n";
			showEnvVarsInLog = 0;
		};
		A57FF121BE5141E6BB0DE8CA /* Copy Pods Resources */ = {
			isa = PBXShellScriptBuildPhase;
			buildActionMask = 2147483647;
			files = (
			);
			inputPaths = (
			);
			name = "Copy Pods Resources";
			outputPaths = (
			);
			runOnlyForDeploymentPostprocessing = 0;
			shellPath = /bin/sh;
			shellScript = "\"${SRCROOT}/Pods/Target Support Files/Pods/Pods-resources.sh\"\n";
			showEnvVarsInLog = 0;
		};
		E54E6289FCE8D864A9BA2376 /* Check Pods Manifest.lock */ = {
			isa = PBXShellScriptBuildPhase;
			buildActionMask = 2147483647;
			files = (
			);
			inputPaths = (
			);
			name = "Check Pods Manifest.lock";
			outputPaths = (
			);
			runOnlyForDeploymentPostprocessing = 0;
			shellPath = /bin/sh;
			shellScript = "diff \"${PODS_ROOT}/../Podfile.lock\" \"${PODS_ROOT}/Manifest.lock\" > /dev/null\nif [[ $? != 0 ]] ; then\n    cat << EOM\nerror: The sandbox is not in sync with the Podfile.lock. Run 'pod install' or update your CocoaPods installation.\nEOM\n    exit 1\nfi\n";
			showEnvVarsInLog = 0;
		};
		F71F651A107BD6ECE0D2E1F1 /* Copy Pods Resources */ = {
			isa = PBXShellScriptBuildPhase;
			buildActionMask = 2147483647;
			files = (
			);
			inputPaths = (
			);
			name = "Copy Pods Resources";
			outputPaths = (
			);
			runOnlyForDeploymentPostprocessing = 0;
			shellPath = /bin/sh;
			shellScript = "\"${SRCROOT}/Pods/Target Support Files/Pods/Pods-resources.sh\"\n";
			showEnvVarsInLog = 0;
		};
/* End PBXShellScriptBuildPhase section */

/* Begin PBXSourcesBuildPhase section */
		1C2056021A2EBBBA00975495 /* Sources */ = {
			isa = PBXSourcesBuildPhase;
			buildActionMask = 2147483647;
			files = (
				1CEE69731A3AABAD008D8567 /* NSString+ASBase64.m in Sources */,
				1CEE69701A3AABAD008D8567 /* SFIActivationViewController.m in Sources */,
				1CEE696E1A3AABAD008D8567 /* SFIDevicesList.m in Sources */,
				1CEE69611A3AAB8A008D8567 /* UIViewController+Securifi.m in Sources */,
				1CEE697D1A3AABAD008D8567 /* SFIHighlightedButton.m in Sources */,
				1CEE69831A3AABAD008D8567 /* SFICardView.m in Sources */,
				1CEE69661A3AABAD008D8567 /* SFIRouterTableViewController.m in Sources */,
				1CEE696F1A3AABAD008D8567 /* SFIGenericRouterCommand.m in Sources */,
				1CEE695E1A3AAB8A008D8567 /* SFINotificationTableViewCell.m in Sources */,
				1CEE69721A3AABAD008D8567 /* SFILogoutAllViewController.m in Sources */,
				1CEE69761A3AABAD008D8567 /* SFISensorTableViewCell.m in Sources */,
				1CEE696A1A3AABAD008D8567 /* SFIAffiliationViewController.m in Sources */,
				1CEE69871A3AABAD008D8567 /* Analytics.m in Sources */,
				1CEE697B1A3AABAD008D8567 /* SFIColors.m in Sources */,
				1CEE696D1A3AABAD008D8567 /* SFIConnectedDevice.m in Sources */,
				1CEE69651A3AABAD008D8567 /* SFIRouterReboot.m in Sources */,
				1CEE697C1A3AABAD008D8567 /* SFIConstants.m in Sources */,
				1CEE695D1A3AAB8A008D8567 /* SFINotificationsViewController.m in Sources */,
				1CEE69781A3AABAD008D8567 /* SFIParser.m in Sources */,
				1CEE695F1A3AAB8A008D8567 /* UIFont+Securifi.m in Sources */,
				1C20560B1A2EBBBB00975495 /* main.m in Sources */,
				1CEE69881A3AABAD008D8567 /* ScoreboardEventViewController.m in Sources */,
				1CEE69621A3AAB8A008D8567 /* SFIAccountsTableViewController.m in Sources */,
				1CEE69861A3AABAD008D8567 /* ScoreboardViewController.m in Sources */,
				1CEE69751A3AABAD008D8567 /* SFISensorsViewController.m in Sources */,
				1CEE69671A3AABAD008D8567 /* SFIRouterSettingsTableViewCell.m in Sources */,
				1CEE696C1A3AABAD008D8567 /* SFIBlockedDevice.m in Sources */,
				1CEE695C1A3AAB61008D8567 /* SFIAppDelegate.m in Sources */,
				1CEE697A1A3AABAD008D8567 /* SFICloudStatusBarButtonItem.m in Sources */,
				1CEE69791A3AABAD008D8567 /* DrawerViewController.m in Sources */,
				1CEE69691A3AABAD008D8567 /* SFIRouterRebootTableViewCell.m in Sources */,
				1CEE69601A3AAB8A008D8567 /* UIView+Borders.m in Sources */,
				1CEE69811A3AABAD008D8567 /* SFITableViewController.m in Sources */,
				1CEE69821A3AABAD008D8567 /* SFICopyLabel.m in Sources */,
				1CEE69741A3AABAD008D8567 /* SFISensorDetailView.m in Sources */,
				1CEE696B1A3AABAD008D8567 /* SFIBlockedContent.m in Sources */,
				1CEE69841A3AABAD008D8567 /* SFICardTableViewCell.m in Sources */,
				1CEE69801A3AABAD008D8567 /* SFISlider.m in Sources */,
				1CEE69641A3AAB8A008D8567 /* SFIPasswordChangeViewController.m in Sources */,
				1CEE69681A3AABAD008D8567 /* SFIRouterDevicesTableViewCell.m in Sources */,
				1CEE69851A3AABAD008D8567 /* SNLog.m in Sources */,
				1CEE69711A3AABAD008D8567 /* SFILoginViewController.m in Sources */,
				1CEE694A1A37F3A0008D8567 /* HomeScreenAppDelegate.m in Sources */,
				1CEE69631A3AAB8A008D8567 /* SFIUserProfile.m in Sources */,
				1CEE69771A3AABAD008D8567 /* SFISignupViewController.m in Sources */,
				1CEE697F1A3AABAD008D8567 /* SFISensor.m in Sources */,
				1CEE697E1A3AABAD008D8567 /* SFIMainViewController.m in Sources */,
			);
			runOnlyForDeploymentPostprocessing = 0;
		};
		1CED5EED19AC82FD0023512F /* Sources */ = {
			isa = PBXSourcesBuildPhase;
			buildActionMask = 2147483647;
			files = (
				1C4E6FCB1A108F5600276EC4 /* SFIRouterSettingsTableViewCell.m in Sources */,
				1CED60CF19AC85AB0023512F /* SFIMainViewController.m in Sources */,
				1CED60CD19AC85AB0023512F /* SFIConstants.m in Sources */,
				1C7581D819AD7FDA0074C601 /* SFIRouterReboot.m in Sources */,
				1C0C99161A1C37D500148010 /* SFINotificationTableViewCell.m in Sources */,
				1CED60D319AC85AB0023512F /* SFISensor.m in Sources */,
				1CED60C219AC85AB0023512F /* SFISensorTableViewCell.m in Sources */,
				1CED60C519AC85AB0023512F /* DrawerViewController.m in Sources */,
				1CED5F0119AC82FD0023512F /* main.m in Sources */,
				1C4E6FCE1A11B37800276EC4 /* SFIRouterDevicesTableViewCell.m in Sources */,
				CE91316019C7068C00D94876 /* SFIUserProfile.m in Sources */,
				CE91316A19C95AE600D94876 /* SFIPasswordChangeViewController.m in Sources */,
				1C7581D219AD7FB00074C601 /* SFIParser.m in Sources */,
				1CED60D519AC85AB0023512F /* SNLog.m in Sources */,
				1C7581B119AD7BD00074C601 /* SFIGenericRouterCommand.m in Sources */,
				1CED60B819AC85AB0023512F /* SFILoginViewController.m in Sources */,
				1C7581CA19AD7F190074C601 /* SFIRouterTableViewController.m in Sources */,
				1C7581A719AD7BD00074C601 /* SFIAffiliationViewController.m in Sources */,
				1C75821619B05BAC0074C601 /* Analytics.m in Sources */,
				1C0C99131A1B5DD100148010 /* SFINotificationsViewController.m in Sources */,
				1C7581AA19AD7BD00074C601 /* SFIBlockedDevice.m in Sources */,
				1C7581A819AD7BD00074C601 /* SFIBlockedContent.m in Sources */,
				1CED5F0519AC82FD0023512F /* SFIAppDelegate.m in Sources */,
				1CED60BA19AC85AB0023512F /* NSString+ASBase64.m in Sources */,
				CE91314F19C6B14100D94876 /* SFIAccountsTableViewController.m in Sources */,
				1CED60C019AC85AB0023512F /* SFISensorDetailView.m in Sources */,
				1CED60B719AC85AB0023512F /* SFIActivationViewController.m in Sources */,
				1CED60C119AC85AB0023512F /* SFISensorsViewController.m in Sources */,
				1C7581AE19AD7BD00074C601 /* SFIDevicesList.m in Sources */,
				1C75821319B054660074C601 /* SFITableViewController.m in Sources */,
				1C4E6FD11A11B62900276EC4 /* SFIRouterRebootTableViewCell.m in Sources */,
				1CED60CB19AC85AB0023512F /* SFICloudStatusBarButtonItem.m in Sources */,
				1CED60CE19AC85AB0023512F /* SFIHighlightedButton.m in Sources */,
				1C988E371A09FB1E0070C276 /* SFICardTableViewCell.m in Sources */,
				1C75821019B036C70074C601 /* ScoreboardViewController.m in Sources */,
				1CED60B919AC85AB0023512F /* SFILogoutAllViewController.m in Sources */,
				CE458D6719EF98EA00689251 /* UIFont+Securifi.m in Sources */,
				1C7581AB19AD7BD00074C601 /* SFIConnectedDevice.m in Sources */,
				1CED60C319AC85AB0023512F /* SFISignupViewController.m in Sources */,
				1CED60CC19AC85AB0023512F /* SFIColors.m in Sources */,
				1CED60D419AC85AB0023512F /* SFISlider.m in Sources */,
				1DF031F5FE02FF77A500E6AB /* SFICopyLabel.m in Sources */,
				1CEB0B4A1A09C13C007D31A9 /* SFICardView.m in Sources */,
				1DF037FCD2D5C9CC3010E790 /* ScoreboardEventViewController.m in Sources */,
				1DF03A36D98A00D4E8B5682B /* UIView+Borders.m in Sources */,
				1DF03808425114D5220DF058 /* UIViewController+Securifi.m in Sources */,
			);
			runOnlyForDeploymentPostprocessing = 0;
		};
/* End PBXSourcesBuildPhase section */

/* Begin PBXVariantGroup section */
		1CED5EFD19AC82FD0023512F /* InfoPlist.strings */ = {
			isa = PBXVariantGroup;
			children = (
				1CED5EFE19AC82FD0023512F /* en */,
			);
			name = InfoPlist.strings;
			sourceTree = "<group>";
		};
		1CED5F2A19AC85AA0023512F /* InfoPlist.strings */ = {
			isa = PBXVariantGroup;
			children = (
				1CED5F2B19AC85AA0023512F /* en */,
			);
			name = InfoPlist.strings;
			sourceTree = "<group>";
		};
		1CED5F2C19AC85AA0023512F /* MainStoryboard_iPad.storyboard */ = {
			isa = PBXVariantGroup;
			children = (
				CEA349C61A33374100AFC379 /* Base */,
				CEA349CC1A3337B400AFC379 /* en */,
			);
			name = MainStoryboard_iPad.storyboard;
			sourceTree = "<group>";
		};
		1CED5F2E19AC85AA0023512F /* MainStoryboard_iPhone.storyboard */ = {
			isa = PBXVariantGroup;
			children = (
				CEA349C71A33374100AFC379 /* Base */,
				CEA349CE1A3337BD00AFC379 /* en */,
			);
			name = MainStoryboard_iPhone.storyboard;
			sourceTree = "<group>";
		};
		1DF037D458FF6476B3446571 /* Localizable.strings */ = {
			isa = PBXVariantGroup;
			children = (
				1DF039380EA4E700AEFBFF79 /* en */,
			);
			name = Localizable.strings;
			sourceTree = "<group>";
		};
		CEA349BD1A33348700AFC379 /* AccountsStoryboard_iPhone.storyboard */ = {
			isa = PBXVariantGroup;
			children = (
				CEA349C51A33374100AFC379 /* Base */,
				CEA349CA1A33378100AFC379 /* en */,
			);
			name = AccountsStoryboard_iPhone.storyboard;
			path = ..;
			sourceTree = "<group>";
		};
/* End PBXVariantGroup section */

/* Begin XCBuildConfiguration section */
		1C20562A1A2EBBBB00975495 /* Debug */ = {
			isa = XCBuildConfiguration;
			baseConfigurationReference = 04DD44299464F3B8199632FD /* Pods.debug.xcconfig */;
			buildSettings = {
				ASSETCATALOG_COMPILER_APPICON_NAME = "HomeScreen-AppIcon";
				ASSETCATALOG_COMPILER_LAUNCHIMAGE_NAME = "HomeScreen-LaunchImage";
				CLANG_WARN_UNREACHABLE_CODE = YES;
				CODE_SIGN_IDENTITY = "iPhone Developer";
				ENABLE_STRICT_OBJC_MSGSEND = YES;
				GCC_PREFIX_HEADER = "HomeScreen/HomeScreen-Prefix.pch";
				GCC_PREPROCESSOR_DEFINITIONS = (
					"DEBUG=1",
					"$(inherited)",
				);
				INFOPLIST_FILE = HomeScreen/Info.plist;
				IPHONEOS_DEPLOYMENT_TARGET = 7.0;
				LD_RUNPATH_SEARCH_PATHS = "$(inherited) @executable_path/Frameworks";
				LIBRARY_SEARCH_PATHS = (
					"$(inherited)",
					"/Users/sinclair/MingFuClients/securifi/iostoolkit/build/Debug-iphoneos",
				);
				MTL_ENABLE_DEBUG_INFO = YES;
				PRODUCT_NAME = "$(TARGET_NAME)";
				USER_HEADER_SEARCH_PATHS = "\"${PROJECT_DIR}/../iosapp\" \"${PROJECT_DIR}/../iostoolkit\"";
			};
			name = Debug;
		};
		1C20562B1A2EBBBB00975495 /* Release */ = {
			isa = XCBuildConfiguration;
			baseConfigurationReference = C6A3307CA8D0945BEFE53A18 /* Pods.release.xcconfig */;
			buildSettings = {
				ASSETCATALOG_COMPILER_APPICON_NAME = "HomeScreen-AppIcon";
				ASSETCATALOG_COMPILER_LAUNCHIMAGE_NAME = "HomeScreen-LaunchImage";
				CLANG_WARN_UNREACHABLE_CODE = YES;
				CODE_SIGN_IDENTITY = "iPhone Developer";
				ENABLE_STRICT_OBJC_MSGSEND = YES;
				GCC_PREFIX_HEADER = "HomeScreen/HomeScreen-Prefix.pch";
				INFOPLIST_FILE = HomeScreen/Info.plist;
				IPHONEOS_DEPLOYMENT_TARGET = 7.0;
				LD_RUNPATH_SEARCH_PATHS = "$(inherited) @executable_path/Frameworks";
				LIBRARY_SEARCH_PATHS = (
					"$(inherited)",
					"/Users/sinclair/MingFuClients/securifi/iostoolkit/build/Debug-iphoneos",
				);
				MTL_ENABLE_DEBUG_INFO = NO;
				PRODUCT_NAME = "$(TARGET_NAME)";
				USER_HEADER_SEARCH_PATHS = "\"${PROJECT_DIR}/../iosapp\" \"${PROJECT_DIR}/../iostoolkit\"";
			};
			name = Release;
		};
		1CED5F1B19AC82FE0023512F /* Debug */ = {
			isa = XCBuildConfiguration;
			buildSettings = {
				ALWAYS_SEARCH_USER_PATHS = NO;
				CLANG_CXX_LANGUAGE_STANDARD = "gnu++0x";
				CLANG_CXX_LIBRARY = "libc++";
				CLANG_ENABLE_MODULES = YES;
				CLANG_ENABLE_OBJC_ARC = YES;
				CLANG_WARN_BOOL_CONVERSION = YES;
				CLANG_WARN_CONSTANT_CONVERSION = YES;
				CLANG_WARN_DIRECT_OBJC_ISA_USAGE = YES_ERROR;
				CLANG_WARN_EMPTY_BODY = YES;
				CLANG_WARN_ENUM_CONVERSION = YES;
				CLANG_WARN_INT_CONVERSION = YES;
				CLANG_WARN_OBJC_ROOT_CLASS = YES_ERROR;
				CLANG_WARN__DUPLICATE_METHOD_MATCH = YES;
				CODE_SIGN_IDENTITY = "iPhone Developer";
				"CODE_SIGN_IDENTITY[sdk=iphoneos*]" = "iPhone Developer";
				COPY_PHASE_STRIP = NO;
				GCC_C_LANGUAGE_STANDARD = gnu99;
				GCC_DYNAMIC_NO_PIC = NO;
				GCC_OPTIMIZATION_LEVEL = 0;
				GCC_PREPROCESSOR_DEFINITIONS = (
					"DEBUG=1",
					"$(inherited)",
				);
				GCC_SYMBOLS_PRIVATE_EXTERN = NO;
				GCC_WARN_64_TO_32_BIT_CONVERSION = YES;
				GCC_WARN_ABOUT_RETURN_TYPE = YES_ERROR;
				GCC_WARN_UNDECLARED_SELECTOR = YES;
				GCC_WARN_UNINITIALIZED_AUTOS = YES_AGGRESSIVE;
				GCC_WARN_UNUSED_FUNCTION = YES;
				GCC_WARN_UNUSED_VARIABLE = YES;
				IPHONEOS_DEPLOYMENT_TARGET = 7.0;
				ONLY_ACTIVE_ARCH = YES;
				SDKROOT = iphoneos;
				TARGETED_DEVICE_FAMILY = "1,2";
			};
			name = Debug;
		};
		1CED5F1C19AC82FE0023512F /* Release */ = {
			isa = XCBuildConfiguration;
			buildSettings = {
				ALWAYS_SEARCH_USER_PATHS = NO;
				CLANG_CXX_LANGUAGE_STANDARD = "gnu++0x";
				CLANG_CXX_LIBRARY = "libc++";
				CLANG_ENABLE_MODULES = YES;
				CLANG_ENABLE_OBJC_ARC = YES;
				CLANG_WARN_BOOL_CONVERSION = YES;
				CLANG_WARN_CONSTANT_CONVERSION = YES;
				CLANG_WARN_DIRECT_OBJC_ISA_USAGE = YES_ERROR;
				CLANG_WARN_EMPTY_BODY = YES;
				CLANG_WARN_ENUM_CONVERSION = YES;
				CLANG_WARN_INT_CONVERSION = YES;
				CLANG_WARN_OBJC_ROOT_CLASS = YES_ERROR;
				CLANG_WARN__DUPLICATE_METHOD_MATCH = YES;
				CODE_SIGN_IDENTITY = "iPhone Developer";
				"CODE_SIGN_IDENTITY[sdk=iphoneos*]" = "iPhone Developer";
				COPY_PHASE_STRIP = YES;
				ENABLE_NS_ASSERTIONS = NO;
				GCC_C_LANGUAGE_STANDARD = gnu99;
				GCC_WARN_64_TO_32_BIT_CONVERSION = YES;
				GCC_WARN_ABOUT_RETURN_TYPE = YES_ERROR;
				GCC_WARN_UNDECLARED_SELECTOR = YES;
				GCC_WARN_UNINITIALIZED_AUTOS = YES_AGGRESSIVE;
				GCC_WARN_UNUSED_FUNCTION = YES;
				GCC_WARN_UNUSED_VARIABLE = YES;
				IPHONEOS_DEPLOYMENT_TARGET = 7.0;
				SDKROOT = iphoneos;
				TARGETED_DEVICE_FAMILY = "1,2";
				VALIDATE_PRODUCT = YES;
			};
			name = Release;
		};
		1CED5F1E19AC82FE0023512F /* Debug */ = {
			isa = XCBuildConfiguration;
			baseConfigurationReference = 04DD44299464F3B8199632FD /* Pods.debug.xcconfig */;
			buildSettings = {
				ALWAYS_SEARCH_USER_PATHS = NO;
				ASSETCATALOG_COMPILER_APPICON_NAME = "Almond-AppIcon";
				ASSETCATALOG_COMPILER_LAUNCHIMAGE_NAME = "Almond-LaunchImage";
				CODE_SIGN_IDENTITY = "iPhone Developer";
				"CODE_SIGN_IDENTITY[sdk=iphoneos*]" = "iPhone Developer";
				FRAMEWORK_SEARCH_PATHS = (
					"$(inherited)",
					"\"$(PODS_ROOT)/CrashlyticsFramework\"",
				);
				GCC_PRECOMPILE_PREFIX_HEADER = YES;
				GCC_PREFIX_HEADER = "Almond/Almond-Prefix.pch";
				HEADER_SEARCH_PATHS = (
					"$(inherited)",
					"\"$(SDKROOT)/usr/include/libz\"",
					"\"${PROJECT_DIR}/../iostoolkit\"",
				);
				INFOPLIST_FILE = "Almond/Almond-Info.plist";
				IPHONEOS_DEPLOYMENT_TARGET = 7.0;
				LIBRARY_SEARCH_PATHS = (
					"$(inherited)",
					"/Users/sinclair/MingFuClients/securifi/iostoolkit/build/Debug-iphoneos",
				);
				PRODUCT_NAME = "$(TARGET_NAME)";
				PROVISIONING_PROFILE = "";
				USER_HEADER_SEARCH_PATHS = "\"${PROJECT_DIR}/../iosapp\"/** \"${PROJECT_DIR}/../iostoolkit\"/**";
				WRAPPER_EXTENSION = app;
			};
			name = Debug;
		};
		1CED5F1F19AC82FE0023512F /* Release */ = {
			isa = XCBuildConfiguration;
			baseConfigurationReference = C6A3307CA8D0945BEFE53A18 /* Pods.release.xcconfig */;
			buildSettings = {
				ASSETCATALOG_COMPILER_APPICON_NAME = "Almond-AppIcon";
				ASSETCATALOG_COMPILER_LAUNCHIMAGE_NAME = "Almond-LaunchImage";
				CODE_SIGN_IDENTITY = "iPhone Developer";
				"CODE_SIGN_IDENTITY[sdk=iphoneos*]" = "iPhone Developer";
				FRAMEWORK_SEARCH_PATHS = (
					"$(inherited)",
					"\"$(PODS_ROOT)/CrashlyticsFramework\"",
				);
				GCC_PRECOMPILE_PREFIX_HEADER = YES;
				GCC_PREFIX_HEADER = "Almond/Almond-Prefix.pch";
				HEADER_SEARCH_PATHS = (
					"$(inherited)",
					"\"$(SDKROOT)/usr/include/libz\"",
					"\"${PROJECT_DIR}/../iostoolkit\"",
				);
				INFOPLIST_FILE = "Almond/Almond-Info.plist";
				IPHONEOS_DEPLOYMENT_TARGET = 7.0;
				LIBRARY_SEARCH_PATHS = (
					"$(inherited)",
					"/Users/sinclair/MingFuClients/securifi/iostoolkit/build/Debug-iphoneos",
				);
				PRODUCT_NAME = "$(TARGET_NAME)";
				PROVISIONING_PROFILE = "";
				USER_HEADER_SEARCH_PATHS = "\"${PROJECT_DIR}/../iosapp\"/** \"${PROJECT_DIR}/../iostoolkit\"/**";
				WRAPPER_EXTENSION = app;
			};
			name = Release;
		};
/* End XCBuildConfiguration section */

/* Begin XCConfigurationList section */
		1C2056291A2EBBBB00975495 /* Build configuration list for PBXNativeTarget "HomeScreen" */ = {
			isa = XCConfigurationList;
			buildConfigurations = (
				1C20562A1A2EBBBB00975495 /* Debug */,
				1C20562B1A2EBBBB00975495 /* Release */,
			);
			defaultConfigurationIsVisible = 0;
			defaultConfigurationName = Release;
		};
		1CED5EEC19AC82FD0023512F /* Build configuration list for PBXProject "Almond" */ = {
			isa = XCConfigurationList;
			buildConfigurations = (
				1CED5F1B19AC82FE0023512F /* Debug */,
				1CED5F1C19AC82FE0023512F /* Release */,
			);
			defaultConfigurationIsVisible = 0;
			defaultConfigurationName = Release;
		};
		1CED5F1D19AC82FE0023512F /* Build configuration list for PBXNativeTarget "Almond" */ = {
			isa = XCConfigurationList;
			buildConfigurations = (
				1CED5F1E19AC82FE0023512F /* Debug */,
				1CED5F1F19AC82FE0023512F /* Release */,
			);
			defaultConfigurationIsVisible = 0;
			defaultConfigurationName = Release;
		};
/* End XCConfigurationList section */
	};
	rootObject = 1CED5EE919AC82FD0023512F /* Project object */;
}
